// !$*UTF8*$!
{
	archiveVersion = 1;
	classes = {
	};
	objectVersion = 56;
	objects = {

/* Begin PBXBuildFile section */
		BF0F0FBE2969343000C9B58A /* FaceRecognitionViewController.swift in Sources */ = {isa = PBXBuildFile; fileRef = BF0F0FBD2969343000C9B58A /* FaceRecognitionViewController.swift */; };
		BF15D4B0295047F50039853C /* UITabBarExtension.swift in Sources */ = {isa = PBXBuildFile; fileRef = BF15D4AF295047F50039853C /* UITabBarExtension.swift */; };
		BF2560142954159500187E18 /* ResetPasswordProtocol.swift in Sources */ = {isa = PBXBuildFile; fileRef = BF2560132954159500187E18 /* ResetPasswordProtocol.swift */; };
		BF311692292F8CDF008BAA08 /* LikesVC.swift in Sources */ = {isa = PBXBuildFile; fileRef = BF311691292F8CDF008BAA08 /* LikesVC.swift */; };
		BF311694292F8EC9008BAA08 /* LikesCustomCell.swift in Sources */ = {isa = PBXBuildFile; fileRef = BF311693292F8EC9008BAA08 /* LikesCustomCell.swift */; };
		BF311697292FA2C1008BAA08 /* CommentsCustomCell.swift in Sources */ = {isa = PBXBuildFile; fileRef = BF311696292FA2C1008BAA08 /* CommentsCustomCell.swift */; };
		BF31169B292FA306008BAA08 /* CommentsVC.swift in Sources */ = {isa = PBXBuildFile; fileRef = BF31169A292FA306008BAA08 /* CommentsVC.swift */; };
		BF34662B29347FA9006FF9FE /* SearchControls.swift in Sources */ = {isa = PBXBuildFile; fileRef = BF34662A29347FA9006FF9FE /* SearchControls.swift */; };
		BF34662D29348D98006FF9FE /* Constants.swift in Sources */ = {isa = PBXBuildFile; fileRef = BF34662C29348D98006FF9FE /* Constants.swift */; };
		BF34662F2934ACE9006FF9FE /* ProfileAccess.swift in Sources */ = {isa = PBXBuildFile; fileRef = BF34662E2934ACE9006FF9FE /* ProfileAccess.swift */; };
		BF3466312934B8D8006FF9FE /* NotificationControls.swift in Sources */ = {isa = PBXBuildFile; fileRef = BF3466302934B8D8006FF9FE /* NotificationControls.swift */; };
		BF3466352934D29D006FF9FE /* FriendsControls.swift in Sources */ = {isa = PBXBuildFile; fileRef = BF3466342934D29D006FF9FE /* FriendsControls.swift */; };
		BF37B8152962A6C2000291DE /* DoubleExtension.swift in Sources */ = {isa = PBXBuildFile; fileRef = BF37B8142962A6C2000291DE /* DoubleExtension.swift */; };
		BF45425B2918C03100BAC4B2 /* AppDelegate.swift in Sources */ = {isa = PBXBuildFile; fileRef = BF45425A2918C03100BAC4B2 /* AppDelegate.swift */; };
		BF45425D2918C03100BAC4B2 /* SceneDelegate.swift in Sources */ = {isa = PBXBuildFile; fileRef = BF45425C2918C03100BAC4B2 /* SceneDelegate.swift */; };
		BF45425F2918C03100BAC4B2 /* LoginVC.swift in Sources */ = {isa = PBXBuildFile; fileRef = BF45425E2918C03100BAC4B2 /* LoginVC.swift */; };
		BF4542622918C03100BAC4B2 /* Main.storyboard in Resources */ = {isa = PBXBuildFile; fileRef = BF4542602918C03100BAC4B2 /* Main.storyboard */; };
		BF4542642918C03200BAC4B2 /* Assets.xcassets in Resources */ = {isa = PBXBuildFile; fileRef = BF4542632918C03200BAC4B2 /* Assets.xcassets */; };
		BF4542672918C03200BAC4B2 /* LaunchScreen.storyboard in Resources */ = {isa = PBXBuildFile; fileRef = BF4542652918C03200BAC4B2 /* LaunchScreen.storyboard */; };
		BF4542722918CE6E00BAC4B2 /* UITextFieldExtensions.swift in Sources */ = {isa = PBXBuildFile; fileRef = BF4542712918CE6E00BAC4B2 /* UITextFieldExtensions.swift */; };
		BF4542962918DA9300BAC4B2 /* AppLogo.ttf in Resources */ = {isa = PBXBuildFile; fileRef = BF45426F2918C8A500BAC4B2 /* AppLogo.ttf */; };
		BF45429F2918EC5600BAC4B2 /* Lottie in Frameworks */ = {isa = PBXBuildFile; productRef = BF45429E2918EC5600BAC4B2 /* Lottie */; };
		BF4542A12918F0D600BAC4B2 /* SocialMediaLaunchScreen.json in Resources */ = {isa = PBXBuildFile; fileRef = BF4542A02918F0D600BAC4B2 /* SocialMediaLaunchScreen.json */; };
		BF4542AB291A0F3C00BAC4B2 /* RegisterVC.swift in Sources */ = {isa = PBXBuildFile; fileRef = BF4542AA291A0F3C00BAC4B2 /* RegisterVC.swift */; };
		BF4542AE291A31CB00BAC4B2 /* User.swift in Sources */ = {isa = PBXBuildFile; fileRef = BF4542AD291A31CB00BAC4B2 /* User.swift */; };
		BF4542B0291A31D200BAC4B2 /* Profile.swift in Sources */ = {isa = PBXBuildFile; fileRef = BF4542AF291A31D200BAC4B2 /* Profile.swift */; };
		BF4542B2291A31DC00BAC4B2 /* Post.swift in Sources */ = {isa = PBXBuildFile; fileRef = BF4542B1291A31DC00BAC4B2 /* Post.swift */; };
		BF4542B6291A325600BAC4B2 /* Gender.swift in Sources */ = {isa = PBXBuildFile; fileRef = BF4542B5291A325600BAC4B2 /* Gender.swift */; };
		BF4542B9291A32B400BAC4B2 /* OnboardingVC.swift in Sources */ = {isa = PBXBuildFile; fileRef = BF4542B8291A32B400BAC4B2 /* OnboardingVC.swift */; };
		BF4542BB291A3C8E00BAC4B2 /* OnBoardingScreen1.json in Resources */ = {isa = PBXBuildFile; fileRef = BF4542BA291A3C8E00BAC4B2 /* OnBoardingScreen1.json */; };
		BF4542C1291A873300BAC4B2 /* HomePageViewController.swift in Sources */ = {isa = PBXBuildFile; fileRef = BF4542C0291A873300BAC4B2 /* HomePageViewController.swift */; };
		BF4542C5291A971100BAC4B2 /* AppUtility.swift in Sources */ = {isa = PBXBuildFile; fileRef = BF4542C4291A971100BAC4B2 /* AppUtility.swift */; };
		BF4542C7291AB47500BAC4B2 /* RegisterControls.swift in Sources */ = {isa = PBXBuildFile; fileRef = BF4542C6291AB47500BAC4B2 /* RegisterControls.swift */; };
		BF4542CC291B4A8A00BAC4B2 /* UserDaoImplementation.swift in Sources */ = {isa = PBXBuildFile; fileRef = BF4542CB291B4A8A00BAC4B2 /* UserDaoImplementation.swift */; };
		BF4542CE291B4A9800BAC4B2 /* PostDaoImplementation.swift in Sources */ = {isa = PBXBuildFile; fileRef = BF4542CD291B4A9800BAC4B2 /* PostDaoImplementation.swift */; };
		BF4542D0291B4AA600BAC4B2 /* FriendRequestDaoImplementation.swift in Sources */ = {isa = PBXBuildFile; fileRef = BF4542CF291B4AA600BAC4B2 /* FriendRequestDaoImplementation.swift */; };
		BF4542D2291B4AC500BAC4B2 /* FriendsDaoImplementation.swift in Sources */ = {isa = PBXBuildFile; fileRef = BF4542D1291B4AC500BAC4B2 /* FriendsDaoImplementation.swift */; };
		BF4542D4291B4AD000BAC4B2 /* CommentDaoImplementation.swift in Sources */ = {isa = PBXBuildFile; fileRef = BF4542D3291B4AD000BAC4B2 /* CommentDaoImplementation.swift */; };
		BF4542D6291B4ADC00BAC4B2 /* LikesDaoImplementation.swift in Sources */ = {isa = PBXBuildFile; fileRef = BF4542D5291B4ADC00BAC4B2 /* LikesDaoImplementation.swift */; };
		BF4542D8291B4B3300BAC4B2 /* PostDao.swift in Sources */ = {isa = PBXBuildFile; fileRef = BF4542D7291B4B3300BAC4B2 /* PostDao.swift */; };
		BF4542DA291B4B3B00BAC4B2 /* UserDao.swift in Sources */ = {isa = PBXBuildFile; fileRef = BF4542D9291B4B3B00BAC4B2 /* UserDao.swift */; };
		BF4542DC291B4B4900BAC4B2 /* FriendRequestDao.swift in Sources */ = {isa = PBXBuildFile; fileRef = BF4542DB291B4B4900BAC4B2 /* FriendRequestDao.swift */; };
		BF4542DE291B4B5300BAC4B2 /* FriendsDao.swift in Sources */ = {isa = PBXBuildFile; fileRef = BF4542DD291B4B5300BAC4B2 /* FriendsDao.swift */; };
		BF4542E1291B4B6F00BAC4B2 /* CommentDao.swift in Sources */ = {isa = PBXBuildFile; fileRef = BF4542E0291B4B6F00BAC4B2 /* CommentDao.swift */; };
		BF4542E3291B4B7E00BAC4B2 /* LikesDao.swift in Sources */ = {isa = PBXBuildFile; fileRef = BF4542E2291B4B7E00BAC4B2 /* LikesDao.swift */; };
		BF4542E5291B4B9500BAC4B2 /* SQLiteDB.swift in Sources */ = {isa = PBXBuildFile; fileRef = BF4542E4291B4B9500BAC4B2 /* SQLiteDB.swift */; };
		BF4542E7291B4BA400BAC4B2 /* DatabaseProtocol.swift in Sources */ = {isa = PBXBuildFile; fileRef = BF4542E6291B4BA400BAC4B2 /* DatabaseProtocol.swift */; };
		BF4542E9291B579E00BAC4B2 /* UserInstance.swift in Sources */ = {isa = PBXBuildFile; fileRef = BF4542E8291B579E00BAC4B2 /* UserInstance.swift */; };
		BF4542EE291B8A6000BAC4B2 /* LaunchScreenVC.swift in Sources */ = {isa = PBXBuildFile; fileRef = BF4542ED291B8A6000BAC4B2 /* LaunchScreenVC.swift */; };
		BF45431D291BBADA00BAC4B2 /* LoginProtocols.swift in Sources */ = {isa = PBXBuildFile; fileRef = BF45431C291BBADA00BAC4B2 /* LoginProtocols.swift */; };
		BF5A13C72935CC290051FC8D /* OnboardingProfilePhotoVC.swift in Sources */ = {isa = PBXBuildFile; fileRef = BF5A13C62935CC290051FC8D /* OnboardingProfilePhotoVC.swift */; };
		BF5A13F12935FA080051FC8D /* OnboardingMailVC.swift in Sources */ = {isa = PBXBuildFile; fileRef = BF5A13F02935FA080051FC8D /* OnboardingMailVC.swift */; };
		BF5A13F32935FA2C0051FC8D /* OnboardingGenderVC.swift in Sources */ = {isa = PBXBuildFile; fileRef = BF5A13F22935FA2C0051FC8D /* OnboardingGenderVC.swift */; };
		BF5A13F52935FA4C0051FC8D /* OnboardingBirthdayVC.swift in Sources */ = {isa = PBXBuildFile; fileRef = BF5A13F42935FA4C0051FC8D /* OnboardingBirthdayVC.swift */; };
		BF5A13F72935FA7C0051FC8D /* OnboardingBioVC.swift in Sources */ = {isa = PBXBuildFile; fileRef = BF5A13F62935FA7C0051FC8D /* OnboardingBioVC.swift */; };
		BF5A13F92935FB0E0051FC8D /* OnboardingControls.swift in Sources */ = {isa = PBXBuildFile; fileRef = BF5A13F82935FB0E0051FC8D /* OnboardingControls.swift */; };
		BF75F8DE296AEC3900E108D1 /* BottomSheetEntity.swift in Sources */ = {isa = PBXBuildFile; fileRef = BF75F8DD296AEC3900E108D1 /* BottomSheetEntity.swift */; };
		BF75F8E1296BD8C600E108D1 /* ListTableVC.swift in Sources */ = {isa = PBXBuildFile; fileRef = BF75F8E0296BD8C600E108D1 /* ListTableVC.swift */; };
		BF75F8E3296BD8DA00E108D1 /* ListTableControls.swift in Sources */ = {isa = PBXBuildFile; fileRef = BF75F8E2296BD8DA00E108D1 /* ListTableControls.swift */; };
		BF75F8E5296BDAF200E108D1 /* ListTableViewCell.swift in Sources */ = {isa = PBXBuildFile; fileRef = BF75F8E4296BDAF200E108D1 /* ListTableViewCell.swift */; };
		BF75F8E7296BEE5A00E108D1 /* BlockedUserDao.swift in Sources */ = {isa = PBXBuildFile; fileRef = BF75F8E6296BEE5A00E108D1 /* BlockedUserDao.swift */; };
		BF75F8E9296BEEA200E108D1 /* BlockedUserDaoImplementation.swift in Sources */ = {isa = PBXBuildFile; fileRef = BF75F8E8296BEEA200E108D1 /* BlockedUserDaoImplementation.swift */; };
		BF75F8EB296BF32600E108D1 /* ListTableProtocols.swift in Sources */ = {isa = PBXBuildFile; fileRef = BF75F8EA296BF32600E108D1 /* ListTableProtocols.swift */; };
		BF816BA02929C8D10097421D /* AboutViewController.swift in Sources */ = {isa = PBXBuildFile; fileRef = BF816B9F2929C8D10097421D /* AboutViewController.swift */; };
		BF816BA42929D3E90097421D /* SecurityVC.swift in Sources */ = {isa = PBXBuildFile; fileRef = BF816BA32929D3E90097421D /* SecurityVC.swift */; };
		BF816BA62929D3F30097421D /* AccountVC.swift in Sources */ = {isa = PBXBuildFile; fileRef = BF816BA52929D3F30097421D /* AccountVC.swift */; };
		BF8F8F5C29595A770028C688 /* PostVC.swift in Sources */ = {isa = PBXBuildFile; fileRef = BF8F8F5B29595A770028C688 /* PostVC.swift */; };
		BF8F8F5E29595BE80028C688 /* PostVCHeader.swift in Sources */ = {isa = PBXBuildFile; fileRef = BF8F8F5D29595BE80028C688 /* PostVCHeader.swift */; };
		BFA0627B2930A9F40016739A /* Carnevalee.ttf in Resources */ = {isa = PBXBuildFile; fileRef = BFA0627A2930A9F40016739A /* Carnevalee.ttf */; };
		BFA3867229311AFE00815E31 /* NotificationGridVC.swift in Sources */ = {isa = PBXBuildFile; fileRef = BFA3867129311AFE00815E31 /* NotificationGridVC.swift */; };
		BFA3867429311C5800815E31 /* NotificiationGridCVCell.swift in Sources */ = {isa = PBXBuildFile; fileRef = BFA3867329311C5800815E31 /* NotificiationGridCVCell.swift */; };
		BFA55FD6292242EB00A948B4 /* FeedsVC.swift in Sources */ = {isa = PBXBuildFile; fileRef = BFA55FD5292242EB00A948B4 /* FeedsVC.swift */; };
		BFA55FD82922430800A948B4 /* SearchPeopleVC.swift in Sources */ = {isa = PBXBuildFile; fileRef = BFA55FD72922430800A948B4 /* SearchPeopleVC.swift */; };
		BFA55FDC2922433200A948B4 /* ProfileVC.swift in Sources */ = {isa = PBXBuildFile; fileRef = BFA55FDB2922433200A948B4 /* ProfileVC.swift */; };
		BFA55FDF29236C8000A948B4 /* CustomCollectionViewCell.swift in Sources */ = {isa = PBXBuildFile; fileRef = BFA55FDE29236C8000A948B4 /* CustomCollectionViewCell.swift */; };
		BFA560072924BA4400A948B4 /* ProfileHeaderCollectionReusableView.swift in Sources */ = {isa = PBXBuildFile; fileRef = BFA560062924BA4400A948B4 /* ProfileHeaderCollectionReusableView.swift */; };
		BFA5600D292519B900A948B4 /* FriendsListVC.swift in Sources */ = {isa = PBXBuildFile; fileRef = BFA5600C292519B900A948B4 /* FriendsListVC.swift */; };
		BFA5600F29251A6B00A948B4 /* FriendsListCustomTVCell.swift in Sources */ = {isa = PBXBuildFile; fileRef = BFA5600E29251A6B00A948B4 /* FriendsListCustomTVCell.swift */; };
		BFA560132925ED7600A948B4 /* SettingsViewController.swift in Sources */ = {isa = PBXBuildFile; fileRef = BFA560122925ED7600A948B4 /* SettingsViewController.swift */; };
		BFA5601529262FEF00A948B4 /* LoginControls.swift in Sources */ = {isa = PBXBuildFile; fileRef = BFA5601429262FEF00A948B4 /* LoginControls.swift */; };
		BFA56018292647E900A948B4 /* RegisterProtocols.swift in Sources */ = {isa = PBXBuildFile; fileRef = BFA56017292647E900A948B4 /* RegisterProtocols.swift */; };
		BFA5601D29267D1C00A948B4 /* NewPostVC.swift in Sources */ = {isa = PBXBuildFile; fileRef = BFA5601C29267D1C00A948B4 /* NewPostVC.swift */; };
		BFA95935294B07F300387440 /* SubClass.swift in Sources */ = {isa = PBXBuildFile; fileRef = BFA95934294B07F300387440 /* SubClass.swift */; };
		BFAA8ABE295477A200FF0778 /* GoogleService-Info.plist in Resources */ = {isa = PBXBuildFile; fileRef = BFAA8ABD295477A200FF0778 /* GoogleService-Info.plist */; };
		BFAE19CB2941820F00D7A012 /* EditProfileVC.swift in Sources */ = {isa = PBXBuildFile; fileRef = BFAE19CA2941820F00D7A012 /* EditProfileVC.swift */; };
		BFAE19CD2941823E00D7A012 /* EditProfileControls.swift in Sources */ = {isa = PBXBuildFile; fileRef = BFAE19CC2941823E00D7A012 /* EditProfileControls.swift */; };
		BFAE19CF2941824A00D7A012 /* EditProfileProtocols.swift in Sources */ = {isa = PBXBuildFile; fileRef = BFAE19CE2941824A00D7A012 /* EditProfileProtocols.swift */; };
		BFAE19D12942E9CB00D7A012 /* FeedsDetails.swift in Sources */ = {isa = PBXBuildFile; fileRef = BFAE19D02942E9CB00D7A012 /* FeedsDetails.swift */; };
		BFAE19D329430BD000D7A012 /* FriendsProtocols.swift in Sources */ = {isa = PBXBuildFile; fileRef = BFAE19D229430BD000D7A012 /* FriendsProtocols.swift */; };
		BFAE19D5294324ED00D7A012 /* CommentDetails.swift in Sources */ = {isa = PBXBuildFile; fileRef = BFAE19D4294324ED00D7A012 /* CommentDetails.swift */; };
		BFAE19D72946EBCF00D7A012 /* OTPChangePasswordVC.swift in Sources */ = {isa = PBXBuildFile; fileRef = BFAE19D62946EBCF00D7A012 /* OTPChangePasswordVC.swift */; };
		BFAE19D92947697100D7A012 /* AccountControlProtocols.swift in Sources */ = {isa = PBXBuildFile; fileRef = BFAE19D82947697100D7A012 /* AccountControlProtocols.swift */; };
		BFB08148296D1EE700D75D28 /* ListCollectionVC.swift in Sources */ = {isa = PBXBuildFile; fileRef = BFB08147296D1EE700D75D28 /* ListCollectionVC.swift */; };
		BFB0814A296D1EF300D75D28 /* ListCollectionControls.swift in Sources */ = {isa = PBXBuildFile; fileRef = BFB08149296D1EF300D75D28 /* ListCollectionControls.swift */; };
		BFB0814C296D1EFF00D75D28 /* ListCollectionControlsProtocol.swift in Sources */ = {isa = PBXBuildFile; fileRef = BFB0814B296D1EFF00D75D28 /* ListCollectionControlsProtocol.swift */; };
		BFB0814E296D1F2600D75D28 /* ListCollectionCustomCell.swift in Sources */ = {isa = PBXBuildFile; fileRef = BFB0814D296D1F2600D75D28 /* ListCollectionCustomCell.swift */; };
		BFB08150296D2D2F00D75D28 /* ListCollectionDetails.swift in Sources */ = {isa = PBXBuildFile; fileRef = BFB0814F296D2D2F00D75D28 /* ListCollectionDetails.swift */; };
		BFB3E4C9293EFCC100A266D9 /* CommentsControls.swift in Sources */ = {isa = PBXBuildFile; fileRef = BFB3E4C8293EFCC100A266D9 /* CommentsControls.swift */; };
		BFB3E4CB293EFCC900A266D9 /* LikesControls.swift in Sources */ = {isa = PBXBuildFile; fileRef = BFB3E4CA293EFCC900A266D9 /* LikesControls.swift */; };
		BFB3E4CD293FA27700A266D9 /* ProfileProtocols.swift in Sources */ = {isa = PBXBuildFile; fileRef = BFB3E4CC293FA27700A266D9 /* ProfileProtocols.swift */; };
		BFB3E4CF29403D0200A266D9 /* NotificationProtocols.swift in Sources */ = {isa = PBXBuildFile; fileRef = BFB3E4CE29403D0200A266D9 /* NotificationProtocols.swift */; };
		BFB3E4D12940493500A266D9 /* SearchProtocols.swift in Sources */ = {isa = PBXBuildFile; fileRef = BFB3E4D02940493500A266D9 /* SearchProtocols.swift */; };
		BFB3E4D3294049FE00A266D9 /* FeedsProtocols.swift in Sources */ = {isa = PBXBuildFile; fileRef = BFB3E4D2294049FE00A266D9 /* FeedsProtocols.swift */; };
		BFB3E4D529404E2100A266D9 /* LikesProtocols.swift in Sources */ = {isa = PBXBuildFile; fileRef = BFB3E4D429404E2100A266D9 /* LikesProtocols.swift */; };
		BFB3E4D729404F3B00A266D9 /* CommentsProtocols.swift in Sources */ = {isa = PBXBuildFile; fileRef = BFB3E4D629404F3B00A266D9 /* CommentsProtocols.swift */; };
		BFB3E4D92940507E00A266D9 /* OnboardingProtocols.swift in Sources */ = {isa = PBXBuildFile; fileRef = BFB3E4D82940507E00A266D9 /* OnboardingProtocols.swift */; };
		BFB3E4DB2940593000A266D9 /* NewPostProtocols.swift in Sources */ = {isa = PBXBuildFile; fileRef = BFB3E4DA2940593000A266D9 /* NewPostProtocols.swift */; };
		BFB3E4DD2940ABE300A266D9 /* PostProtocols.swift in Sources */ = {isa = PBXBuildFile; fileRef = BFB3E4DC2940ABE300A266D9 /* PostProtocols.swift */; };
		BFC9BAB429384C0F00EE1D42 /* UITapGestureExtensions.swift in Sources */ = {isa = PBXBuildFile; fileRef = BFC9BAB329384C0F00EE1D42 /* UITapGestureExtensions.swift */; };
		BFC9BAB72938603B00EE1D42 /* SnapShotsError.swift in Sources */ = {isa = PBXBuildFile; fileRef = BFC9BAB62938603B00EE1D42 /* SnapShotsError.swift */; };
		BFC9BAB92939FE6100EE1D42 /* ResetPasswordControls.swift in Sources */ = {isa = PBXBuildFile; fileRef = BFC9BAB82939FE6100EE1D42 /* ResetPasswordControls.swift */; };
		BFC9BABB293A213B00EE1D42 /* PhoneNumberVC.swift in Sources */ = {isa = PBXBuildFile; fileRef = BFC9BABA293A213B00EE1D42 /* PhoneNumberVC.swift */; };
		BFC9BABD293DFD0D00EE1D42 /* ProfileFooterCollectionResuableView.swift in Sources */ = {isa = PBXBuildFile; fileRef = BFC9BABC293DFD0D00EE1D42 /* ProfileFooterCollectionResuableView.swift */; };
		BFCA6983296ACBF200CE32DD /* BottomSheetsVC.swift in Sources */ = {isa = PBXBuildFile; fileRef = BFCA6982296ACBF200CE32DD /* BottomSheetsVC.swift */; };
		BFCA6985296ACC0A00CE32DD /* BottomSheetsTableViewCell.swift in Sources */ = {isa = PBXBuildFile; fileRef = BFCA6984296ACC0A00CE32DD /* BottomSheetsTableViewCell.swift */; };
		BFCA6987296ACC2300CE32DD /* BottomSheetsDetails.swift in Sources */ = {isa = PBXBuildFile; fileRef = BFCA6986296ACC2300CE32DD /* BottomSheetsDetails.swift */; };
		BFDD55CF2937295E00DC8D68 /* OTPPhoneNumberVC.swift in Sources */ = {isa = PBXBuildFile; fileRef = BFDD55CE2937295E00DC8D68 /* OTPPhoneNumberVC.swift */; };
		BFDD55D229372CF600DC8D68 /* FirebaseAuth in Frameworks */ = {isa = PBXBuildFile; productRef = BFDD55D129372CF600DC8D68 /* FirebaseAuth */; };
		BFDD55D42937379D00DC8D68 /* AuthManager.swift in Sources */ = {isa = PBXBuildFile; fileRef = BFDD55D32937379D00DC8D68 /* AuthManager.swift */; };
		BFDD55D629373A6400DC8D68 /* ForgotPasswordControls.swift in Sources */ = {isa = PBXBuildFile; fileRef = BFDD55D529373A6400DC8D68 /* ForgotPasswordControls.swift */; };
		BFDD55D829373FDE00DC8D68 /* OTPScreenVC.swift in Sources */ = {isa = PBXBuildFile; fileRef = BFDD55D729373FDE00DC8D68 /* OTPScreenVC.swift */; };
		BFDD55FA29376AD700DC8D68 /* AccountControls.swift in Sources */ = {isa = PBXBuildFile; fileRef = BFDD55F929376AD700DC8D68 /* AccountControls.swift */; };
		BFDD55FD2937769B00DC8D68 /* MailVC.swift in Sources */ = {isa = PBXBuildFile; fileRef = BFDD55FC2937769B00DC8D68 /* MailVC.swift */; };
		BFDD55FF293795CA00DC8D68 /* GenderVC.swift in Sources */ = {isa = PBXBuildFile; fileRef = BFDD55FE293795CA00DC8D68 /* GenderVC.swift */; };
		BFDD560129379D2700DC8D68 /* DataOfBirthVC.swift in Sources */ = {isa = PBXBuildFile; fileRef = BFDD560029379D2700DC8D68 /* DataOfBirthVC.swift */; };
		BFDF7058292A3E13001A736F /* ResetPasswordVC.swift in Sources */ = {isa = PBXBuildFile; fileRef = BFDF7057292A3E13001A736F /* ResetPasswordVC.swift */; };
		BFDF705A292B4237001A736F /* PersonalInformationVC.swift in Sources */ = {isa = PBXBuildFile; fileRef = BFDF7059292B4237001A736F /* PersonalInformationVC.swift */; };
		BFDF7060292B7A25001A736F /* UIViewControllerExtension.swift in Sources */ = {isa = PBXBuildFile; fileRef = BFDF705F292B7A25001A736F /* UIViewControllerExtension.swift */; };
		BFDF7063292BA20A001A736F /* ProfileControls.swift in Sources */ = {isa = PBXBuildFile; fileRef = BFDF7062292BA20A001A736F /* ProfileControls.swift */; };
		BFDF706C292D1651001A736F /* UIImageExtension.swift in Sources */ = {isa = PBXBuildFile; fileRef = BFDF706B292D1651001A736F /* UIImageExtension.swift */; };
		BFDF706E292D16B0001A736F /* NewPostControls.swift in Sources */ = {isa = PBXBuildFile; fileRef = BFDF706D292D16B0001A736F /* NewPostControls.swift */; };
		BFDF7070292DFAAC001A736F /* SearchCustomCell.swift in Sources */ = {isa = PBXBuildFile; fileRef = BFDF706F292DFAAC001A736F /* SearchCustomCell.swift */; };
		BFDF7072292E46BA001A736F /* FeedsCustomCell.swift in Sources */ = {isa = PBXBuildFile; fileRef = BFDF7071292E46BA001A736F /* FeedsCustomCell.swift */; };
		BFDF7074292F28B6001A736F /* FeedsControls.swift in Sources */ = {isa = PBXBuildFile; fileRef = BFDF7073292F28B6001A736F /* FeedsControls.swift */; };
		BFDF7079292F375D001A736F /* PostControls.swift in Sources */ = {isa = PBXBuildFile; fileRef = BFDF7078292F375D001A736F /* PostControls.swift */; };
		BFE88C312963F6B700CB3CDA /* UIButtonExtension.swift in Sources */ = {isa = PBXBuildFile; fileRef = BFE88C302963F6B700CB3CDA /* UIButtonExtension.swift */; };
/* End PBXBuildFile section */

/* Begin PBXFileReference section */
		BF0F0FBD2969343000C9B58A /* FaceRecognitionViewController.swift */ = {isa = PBXFileReference; lastKnownFileType = sourcecode.swift; path = FaceRecognitionViewController.swift; sourceTree = "<group>"; };
		BF15D4AF295047F50039853C /* UITabBarExtension.swift */ = {isa = PBXFileReference; lastKnownFileType = sourcecode.swift; path = UITabBarExtension.swift; sourceTree = "<group>"; };
		BF2560132954159500187E18 /* ResetPasswordProtocol.swift */ = {isa = PBXFileReference; lastKnownFileType = sourcecode.swift; path = ResetPasswordProtocol.swift; sourceTree = "<group>"; };
		BF311691292F8CDF008BAA08 /* LikesVC.swift */ = {isa = PBXFileReference; lastKnownFileType = sourcecode.swift; path = LikesVC.swift; sourceTree = "<group>"; };
		BF311693292F8EC9008BAA08 /* LikesCustomCell.swift */ = {isa = PBXFileReference; lastKnownFileType = sourcecode.swift; path = LikesCustomCell.swift; sourceTree = "<group>"; };
		BF311696292FA2C1008BAA08 /* CommentsCustomCell.swift */ = {isa = PBXFileReference; lastKnownFileType = sourcecode.swift; path = CommentsCustomCell.swift; sourceTree = "<group>"; };
		BF31169A292FA306008BAA08 /* CommentsVC.swift */ = {isa = PBXFileReference; lastKnownFileType = sourcecode.swift; path = CommentsVC.swift; sourceTree = "<group>"; };
		BF34662A29347FA9006FF9FE /* SearchControls.swift */ = {isa = PBXFileReference; lastKnownFileType = sourcecode.swift; path = SearchControls.swift; sourceTree = "<group>"; };
		BF34662C29348D98006FF9FE /* Constants.swift */ = {isa = PBXFileReference; lastKnownFileType = sourcecode.swift; path = Constants.swift; sourceTree = "<group>"; };
		BF34662E2934ACE9006FF9FE /* ProfileAccess.swift */ = {isa = PBXFileReference; lastKnownFileType = sourcecode.swift; path = ProfileAccess.swift; sourceTree = "<group>"; };
		BF3466302934B8D8006FF9FE /* NotificationControls.swift */ = {isa = PBXFileReference; lastKnownFileType = sourcecode.swift; path = NotificationControls.swift; sourceTree = "<group>"; };
		BF3466342934D29D006FF9FE /* FriendsControls.swift */ = {isa = PBXFileReference; lastKnownFileType = sourcecode.swift; path = FriendsControls.swift; sourceTree = "<group>"; };
		BF37B8142962A6C2000291DE /* DoubleExtension.swift */ = {isa = PBXFileReference; lastKnownFileType = sourcecode.swift; path = DoubleExtension.swift; sourceTree = "<group>"; };
		BF4542572918C03100BAC4B2 /* SnapShots.app */ = {isa = PBXFileReference; explicitFileType = wrapper.application; includeInIndex = 0; path = SnapShots.app; sourceTree = BUILT_PRODUCTS_DIR; };
		BF45425A2918C03100BAC4B2 /* AppDelegate.swift */ = {isa = PBXFileReference; lastKnownFileType = sourcecode.swift; path = AppDelegate.swift; sourceTree = "<group>"; };
		BF45425C2918C03100BAC4B2 /* SceneDelegate.swift */ = {isa = PBXFileReference; lastKnownFileType = sourcecode.swift; path = SceneDelegate.swift; sourceTree = "<group>"; };
		BF45425E2918C03100BAC4B2 /* LoginVC.swift */ = {isa = PBXFileReference; lastKnownFileType = sourcecode.swift; path = LoginVC.swift; sourceTree = "<group>"; };
		BF4542612918C03100BAC4B2 /* Base */ = {isa = PBXFileReference; lastKnownFileType = file.storyboard; name = Base; path = Base.lproj/Main.storyboard; sourceTree = "<group>"; };
		BF4542632918C03200BAC4B2 /* Assets.xcassets */ = {isa = PBXFileReference; lastKnownFileType = folder.assetcatalog; path = Assets.xcassets; sourceTree = "<group>"; };
		BF4542662918C03200BAC4B2 /* Base */ = {isa = PBXFileReference; lastKnownFileType = file.storyboard; name = Base; path = Base.lproj/LaunchScreen.storyboard; sourceTree = "<group>"; };
		BF4542682918C03200BAC4B2 /* Info.plist */ = {isa = PBXFileReference; lastKnownFileType = text.plist.xml; path = Info.plist; sourceTree = "<group>"; };
		BF45426F2918C8A500BAC4B2 /* AppLogo.ttf */ = {isa = PBXFileReference; lastKnownFileType = file; path = AppLogo.ttf; sourceTree = "<group>"; };
		BF4542712918CE6E00BAC4B2 /* UITextFieldExtensions.swift */ = {isa = PBXFileReference; lastKnownFileType = sourcecode.swift; path = UITextFieldExtensions.swift; sourceTree = "<group>"; };
		BF4542A02918F0D600BAC4B2 /* SocialMediaLaunchScreen.json */ = {isa = PBXFileReference; fileEncoding = 4; lastKnownFileType = text.json; path = SocialMediaLaunchScreen.json; sourceTree = "<group>"; };
		BF4542AA291A0F3C00BAC4B2 /* RegisterVC.swift */ = {isa = PBXFileReference; lastKnownFileType = sourcecode.swift; path = RegisterVC.swift; sourceTree = "<group>"; };
		BF4542AD291A31CB00BAC4B2 /* User.swift */ = {isa = PBXFileReference; lastKnownFileType = sourcecode.swift; path = User.swift; sourceTree = "<group>"; };
		BF4542AF291A31D200BAC4B2 /* Profile.swift */ = {isa = PBXFileReference; lastKnownFileType = sourcecode.swift; path = Profile.swift; sourceTree = "<group>"; };
		BF4542B1291A31DC00BAC4B2 /* Post.swift */ = {isa = PBXFileReference; lastKnownFileType = sourcecode.swift; path = Post.swift; sourceTree = "<group>"; };
		BF4542B5291A325600BAC4B2 /* Gender.swift */ = {isa = PBXFileReference; lastKnownFileType = sourcecode.swift; path = Gender.swift; sourceTree = "<group>"; };
		BF4542B8291A32B400BAC4B2 /* OnboardingVC.swift */ = {isa = PBXFileReference; lastKnownFileType = sourcecode.swift; path = OnboardingVC.swift; sourceTree = "<group>"; };
		BF4542BA291A3C8E00BAC4B2 /* OnBoardingScreen1.json */ = {isa = PBXFileReference; fileEncoding = 4; lastKnownFileType = text.json; path = OnBoardingScreen1.json; sourceTree = "<group>"; };
		BF4542C0291A873300BAC4B2 /* HomePageViewController.swift */ = {isa = PBXFileReference; lastKnownFileType = sourcecode.swift; path = HomePageViewController.swift; sourceTree = "<group>"; };
		BF4542C4291A971100BAC4B2 /* AppUtility.swift */ = {isa = PBXFileReference; lastKnownFileType = sourcecode.swift; path = AppUtility.swift; sourceTree = "<group>"; };
		BF4542C6291AB47500BAC4B2 /* RegisterControls.swift */ = {isa = PBXFileReference; lastKnownFileType = sourcecode.swift; path = RegisterControls.swift; sourceTree = "<group>"; };
		BF4542CB291B4A8A00BAC4B2 /* UserDaoImplementation.swift */ = {isa = PBXFileReference; lastKnownFileType = sourcecode.swift; path = UserDaoImplementation.swift; sourceTree = "<group>"; };
		BF4542CD291B4A9800BAC4B2 /* PostDaoImplementation.swift */ = {isa = PBXFileReference; lastKnownFileType = sourcecode.swift; path = PostDaoImplementation.swift; sourceTree = "<group>"; };
		BF4542CF291B4AA600BAC4B2 /* FriendRequestDaoImplementation.swift */ = {isa = PBXFileReference; lastKnownFileType = sourcecode.swift; path = FriendRequestDaoImplementation.swift; sourceTree = "<group>"; };
		BF4542D1291B4AC500BAC4B2 /* FriendsDaoImplementation.swift */ = {isa = PBXFileReference; lastKnownFileType = sourcecode.swift; path = FriendsDaoImplementation.swift; sourceTree = "<group>"; };
		BF4542D3291B4AD000BAC4B2 /* CommentDaoImplementation.swift */ = {isa = PBXFileReference; lastKnownFileType = sourcecode.swift; path = CommentDaoImplementation.swift; sourceTree = "<group>"; };
		BF4542D5291B4ADC00BAC4B2 /* LikesDaoImplementation.swift */ = {isa = PBXFileReference; lastKnownFileType = sourcecode.swift; path = LikesDaoImplementation.swift; sourceTree = "<group>"; };
		BF4542D7291B4B3300BAC4B2 /* PostDao.swift */ = {isa = PBXFileReference; lastKnownFileType = sourcecode.swift; path = PostDao.swift; sourceTree = "<group>"; };
		BF4542D9291B4B3B00BAC4B2 /* UserDao.swift */ = {isa = PBXFileReference; lastKnownFileType = sourcecode.swift; path = UserDao.swift; sourceTree = "<group>"; };
		BF4542DB291B4B4900BAC4B2 /* FriendRequestDao.swift */ = {isa = PBXFileReference; lastKnownFileType = sourcecode.swift; path = FriendRequestDao.swift; sourceTree = "<group>"; };
		BF4542DD291B4B5300BAC4B2 /* FriendsDao.swift */ = {isa = PBXFileReference; lastKnownFileType = sourcecode.swift; path = FriendsDao.swift; sourceTree = "<group>"; };
		BF4542E0291B4B6F00BAC4B2 /* CommentDao.swift */ = {isa = PBXFileReference; lastKnownFileType = sourcecode.swift; path = CommentDao.swift; sourceTree = "<group>"; };
		BF4542E2291B4B7E00BAC4B2 /* LikesDao.swift */ = {isa = PBXFileReference; lastKnownFileType = sourcecode.swift; path = LikesDao.swift; sourceTree = "<group>"; };
		BF4542E4291B4B9500BAC4B2 /* SQLiteDB.swift */ = {isa = PBXFileReference; lastKnownFileType = sourcecode.swift; path = SQLiteDB.swift; sourceTree = "<group>"; };
		BF4542E6291B4BA400BAC4B2 /* DatabaseProtocol.swift */ = {isa = PBXFileReference; lastKnownFileType = sourcecode.swift; path = DatabaseProtocol.swift; sourceTree = "<group>"; };
		BF4542E8291B579E00BAC4B2 /* UserInstance.swift */ = {isa = PBXFileReference; lastKnownFileType = sourcecode.swift; path = UserInstance.swift; sourceTree = "<group>"; };
		BF4542ED291B8A6000BAC4B2 /* LaunchScreenVC.swift */ = {isa = PBXFileReference; lastKnownFileType = sourcecode.swift; path = LaunchScreenVC.swift; sourceTree = "<group>"; };
		BF45431C291BBADA00BAC4B2 /* LoginProtocols.swift */ = {isa = PBXFileReference; lastKnownFileType = sourcecode.swift; path = LoginProtocols.swift; sourceTree = "<group>"; };
		BF5A13C62935CC290051FC8D /* OnboardingProfilePhotoVC.swift */ = {isa = PBXFileReference; lastKnownFileType = sourcecode.swift; path = OnboardingProfilePhotoVC.swift; sourceTree = "<group>"; };
		BF5A13F02935FA080051FC8D /* OnboardingMailVC.swift */ = {isa = PBXFileReference; lastKnownFileType = sourcecode.swift; path = OnboardingMailVC.swift; sourceTree = "<group>"; };
		BF5A13F22935FA2C0051FC8D /* OnboardingGenderVC.swift */ = {isa = PBXFileReference; lastKnownFileType = sourcecode.swift; path = OnboardingGenderVC.swift; sourceTree = "<group>"; };
		BF5A13F42935FA4C0051FC8D /* OnboardingBirthdayVC.swift */ = {isa = PBXFileReference; lastKnownFileType = sourcecode.swift; path = OnboardingBirthdayVC.swift; sourceTree = "<group>"; };
		BF5A13F62935FA7C0051FC8D /* OnboardingBioVC.swift */ = {isa = PBXFileReference; lastKnownFileType = sourcecode.swift; path = OnboardingBioVC.swift; sourceTree = "<group>"; };
		BF5A13F82935FB0E0051FC8D /* OnboardingControls.swift */ = {isa = PBXFileReference; lastKnownFileType = sourcecode.swift; path = OnboardingControls.swift; sourceTree = "<group>"; };
		BF75F8DD296AEC3900E108D1 /* BottomSheetEntity.swift */ = {isa = PBXFileReference; lastKnownFileType = sourcecode.swift; path = BottomSheetEntity.swift; sourceTree = "<group>"; };
		BF75F8E0296BD8C600E108D1 /* ListTableVC.swift */ = {isa = PBXFileReference; lastKnownFileType = sourcecode.swift; path = ListTableVC.swift; sourceTree = "<group>"; };
		BF75F8E2296BD8DA00E108D1 /* ListTableControls.swift */ = {isa = PBXFileReference; lastKnownFileType = sourcecode.swift; path = ListTableControls.swift; sourceTree = "<group>"; };
		BF75F8E4296BDAF200E108D1 /* ListTableViewCell.swift */ = {isa = PBXFileReference; lastKnownFileType = sourcecode.swift; path = ListTableViewCell.swift; sourceTree = "<group>"; };
		BF75F8E6296BEE5A00E108D1 /* BlockedUserDao.swift */ = {isa = PBXFileReference; lastKnownFileType = sourcecode.swift; path = BlockedUserDao.swift; sourceTree = "<group>"; };
		BF75F8E8296BEEA200E108D1 /* BlockedUserDaoImplementation.swift */ = {isa = PBXFileReference; lastKnownFileType = sourcecode.swift; path = BlockedUserDaoImplementation.swift; sourceTree = "<group>"; };
		BF75F8EA296BF32600E108D1 /* ListTableProtocols.swift */ = {isa = PBXFileReference; lastKnownFileType = sourcecode.swift; path = ListTableProtocols.swift; sourceTree = "<group>"; };
		BF816B9F2929C8D10097421D /* AboutViewController.swift */ = {isa = PBXFileReference; lastKnownFileType = sourcecode.swift; path = AboutViewController.swift; sourceTree = "<group>"; };
		BF816BA32929D3E90097421D /* SecurityVC.swift */ = {isa = PBXFileReference; lastKnownFileType = sourcecode.swift; path = SecurityVC.swift; sourceTree = "<group>"; };
		BF816BA52929D3F30097421D /* AccountVC.swift */ = {isa = PBXFileReference; lastKnownFileType = sourcecode.swift; path = AccountVC.swift; sourceTree = "<group>"; };
		BF8F8F5B29595A770028C688 /* PostVC.swift */ = {isa = PBXFileReference; lastKnownFileType = sourcecode.swift; path = PostVC.swift; sourceTree = "<group>"; };
		BF8F8F5D29595BE80028C688 /* PostVCHeader.swift */ = {isa = PBXFileReference; lastKnownFileType = sourcecode.swift; path = PostVCHeader.swift; sourceTree = "<group>"; };
		BFA0627A2930A9F40016739A /* Carnevalee.ttf */ = {isa = PBXFileReference; lastKnownFileType = file; path = Carnevalee.ttf; sourceTree = "<group>"; };
		BFA3867129311AFE00815E31 /* NotificationGridVC.swift */ = {isa = PBXFileReference; lastKnownFileType = sourcecode.swift; path = NotificationGridVC.swift; sourceTree = "<group>"; };
		BFA3867329311C5800815E31 /* NotificiationGridCVCell.swift */ = {isa = PBXFileReference; lastKnownFileType = sourcecode.swift; path = NotificiationGridCVCell.swift; sourceTree = "<group>"; };
		BFA55FD5292242EB00A948B4 /* FeedsVC.swift */ = {isa = PBXFileReference; lastKnownFileType = sourcecode.swift; path = FeedsVC.swift; sourceTree = "<group>"; };
		BFA55FD72922430800A948B4 /* SearchPeopleVC.swift */ = {isa = PBXFileReference; lastKnownFileType = sourcecode.swift; path = SearchPeopleVC.swift; sourceTree = "<group>"; };
		BFA55FDB2922433200A948B4 /* ProfileVC.swift */ = {isa = PBXFileReference; lastKnownFileType = sourcecode.swift; path = ProfileVC.swift; sourceTree = "<group>"; };
		BFA55FDE29236C8000A948B4 /* CustomCollectionViewCell.swift */ = {isa = PBXFileReference; lastKnownFileType = sourcecode.swift; path = CustomCollectionViewCell.swift; sourceTree = "<group>"; };
		BFA560062924BA4400A948B4 /* ProfileHeaderCollectionReusableView.swift */ = {isa = PBXFileReference; lastKnownFileType = sourcecode.swift; path = ProfileHeaderCollectionReusableView.swift; sourceTree = "<group>"; };
		BFA5600C292519B900A948B4 /* FriendsListVC.swift */ = {isa = PBXFileReference; lastKnownFileType = sourcecode.swift; path = FriendsListVC.swift; sourceTree = "<group>"; };
		BFA5600E29251A6B00A948B4 /* FriendsListCustomTVCell.swift */ = {isa = PBXFileReference; lastKnownFileType = sourcecode.swift; path = FriendsListCustomTVCell.swift; sourceTree = "<group>"; };
		BFA560122925ED7600A948B4 /* SettingsViewController.swift */ = {isa = PBXFileReference; lastKnownFileType = sourcecode.swift; path = SettingsViewController.swift; sourceTree = "<group>"; };
		BFA5601429262FEF00A948B4 /* LoginControls.swift */ = {isa = PBXFileReference; lastKnownFileType = sourcecode.swift; path = LoginControls.swift; sourceTree = "<group>"; };
		BFA56017292647E900A948B4 /* RegisterProtocols.swift */ = {isa = PBXFileReference; lastKnownFileType = sourcecode.swift; path = RegisterProtocols.swift; sourceTree = "<group>"; };
		BFA5601C29267D1C00A948B4 /* NewPostVC.swift */ = {isa = PBXFileReference; lastKnownFileType = sourcecode.swift; path = NewPostVC.swift; sourceTree = "<group>"; };
		BFA95934294B07F300387440 /* SubClass.swift */ = {isa = PBXFileReference; lastKnownFileType = sourcecode.swift; path = SubClass.swift; sourceTree = "<group>"; };
		BFAA8ABD295477A200FF0778 /* GoogleService-Info.plist */ = {isa = PBXFileReference; fileEncoding = 4; lastKnownFileType = text.plist.xml; path = "GoogleService-Info.plist"; sourceTree = "<group>"; };
		BFAE19CA2941820F00D7A012 /* EditProfileVC.swift */ = {isa = PBXFileReference; lastKnownFileType = sourcecode.swift; path = EditProfileVC.swift; sourceTree = "<group>"; };
		BFAE19CC2941823E00D7A012 /* EditProfileControls.swift */ = {isa = PBXFileReference; lastKnownFileType = sourcecode.swift; path = EditProfileControls.swift; sourceTree = "<group>"; };
		BFAE19CE2941824A00D7A012 /* EditProfileProtocols.swift */ = {isa = PBXFileReference; lastKnownFileType = sourcecode.swift; path = EditProfileProtocols.swift; sourceTree = "<group>"; };
		BFAE19D02942E9CB00D7A012 /* FeedsDetails.swift */ = {isa = PBXFileReference; lastKnownFileType = sourcecode.swift; path = FeedsDetails.swift; sourceTree = "<group>"; };
		BFAE19D229430BD000D7A012 /* FriendsProtocols.swift */ = {isa = PBXFileReference; lastKnownFileType = sourcecode.swift; path = FriendsProtocols.swift; sourceTree = "<group>"; };
		BFAE19D4294324ED00D7A012 /* CommentDetails.swift */ = {isa = PBXFileReference; lastKnownFileType = sourcecode.swift; path = CommentDetails.swift; sourceTree = "<group>"; };
		BFAE19D62946EBCF00D7A012 /* OTPChangePasswordVC.swift */ = {isa = PBXFileReference; lastKnownFileType = sourcecode.swift; path = OTPChangePasswordVC.swift; sourceTree = "<group>"; };
		BFAE19D82947697100D7A012 /* AccountControlProtocols.swift */ = {isa = PBXFileReference; lastKnownFileType = sourcecode.swift; path = AccountControlProtocols.swift; sourceTree = "<group>"; };
		BFB08147296D1EE700D75D28 /* ListCollectionVC.swift */ = {isa = PBXFileReference; lastKnownFileType = sourcecode.swift; path = ListCollectionVC.swift; sourceTree = "<group>"; };
		BFB08149296D1EF300D75D28 /* ListCollectionControls.swift */ = {isa = PBXFileReference; lastKnownFileType = sourcecode.swift; path = ListCollectionControls.swift; sourceTree = "<group>"; };
		BFB0814B296D1EFF00D75D28 /* ListCollectionControlsProtocol.swift */ = {isa = PBXFileReference; lastKnownFileType = sourcecode.swift; path = ListCollectionControlsProtocol.swift; sourceTree = "<group>"; };
		BFB0814D296D1F2600D75D28 /* ListCollectionCustomCell.swift */ = {isa = PBXFileReference; lastKnownFileType = sourcecode.swift; path = ListCollectionCustomCell.swift; sourceTree = "<group>"; };
		BFB0814F296D2D2F00D75D28 /* ListCollectionDetails.swift */ = {isa = PBXFileReference; lastKnownFileType = sourcecode.swift; path = ListCollectionDetails.swift; sourceTree = "<group>"; };
		BFB3E4C8293EFCC100A266D9 /* CommentsControls.swift */ = {isa = PBXFileReference; lastKnownFileType = sourcecode.swift; path = CommentsControls.swift; sourceTree = "<group>"; };
		BFB3E4CA293EFCC900A266D9 /* LikesControls.swift */ = {isa = PBXFileReference; lastKnownFileType = sourcecode.swift; path = LikesControls.swift; sourceTree = "<group>"; };
		BFB3E4CC293FA27700A266D9 /* ProfileProtocols.swift */ = {isa = PBXFileReference; lastKnownFileType = sourcecode.swift; path = ProfileProtocols.swift; sourceTree = "<group>"; };
		BFB3E4CE29403D0200A266D9 /* NotificationProtocols.swift */ = {isa = PBXFileReference; lastKnownFileType = sourcecode.swift; path = NotificationProtocols.swift; sourceTree = "<group>"; };
		BFB3E4D02940493500A266D9 /* SearchProtocols.swift */ = {isa = PBXFileReference; lastKnownFileType = sourcecode.swift; path = SearchProtocols.swift; sourceTree = "<group>"; };
		BFB3E4D2294049FE00A266D9 /* FeedsProtocols.swift */ = {isa = PBXFileReference; lastKnownFileType = sourcecode.swift; path = FeedsProtocols.swift; sourceTree = "<group>"; };
		BFB3E4D429404E2100A266D9 /* LikesProtocols.swift */ = {isa = PBXFileReference; lastKnownFileType = sourcecode.swift; path = LikesProtocols.swift; sourceTree = "<group>"; };
		BFB3E4D629404F3B00A266D9 /* CommentsProtocols.swift */ = {isa = PBXFileReference; lastKnownFileType = sourcecode.swift; path = CommentsProtocols.swift; sourceTree = "<group>"; };
		BFB3E4D82940507E00A266D9 /* OnboardingProtocols.swift */ = {isa = PBXFileReference; lastKnownFileType = sourcecode.swift; path = OnboardingProtocols.swift; sourceTree = "<group>"; };
		BFB3E4DA2940593000A266D9 /* NewPostProtocols.swift */ = {isa = PBXFileReference; lastKnownFileType = sourcecode.swift; path = NewPostProtocols.swift; sourceTree = "<group>"; };
		BFB3E4DC2940ABE300A266D9 /* PostProtocols.swift */ = {isa = PBXFileReference; lastKnownFileType = sourcecode.swift; path = PostProtocols.swift; sourceTree = "<group>"; };
		BFC9BAB329384C0F00EE1D42 /* UITapGestureExtensions.swift */ = {isa = PBXFileReference; lastKnownFileType = sourcecode.swift; path = UITapGestureExtensions.swift; sourceTree = "<group>"; };
		BFC9BAB62938603B00EE1D42 /* SnapShotsError.swift */ = {isa = PBXFileReference; lastKnownFileType = sourcecode.swift; path = SnapShotsError.swift; sourceTree = "<group>"; };
		BFC9BAB82939FE6100EE1D42 /* ResetPasswordControls.swift */ = {isa = PBXFileReference; lastKnownFileType = sourcecode.swift; path = ResetPasswordControls.swift; sourceTree = "<group>"; };
		BFC9BABA293A213B00EE1D42 /* PhoneNumberVC.swift */ = {isa = PBXFileReference; lastKnownFileType = sourcecode.swift; path = PhoneNumberVC.swift; sourceTree = "<group>"; };
		BFC9BABC293DFD0D00EE1D42 /* ProfileFooterCollectionResuableView.swift */ = {isa = PBXFileReference; lastKnownFileType = sourcecode.swift; path = ProfileFooterCollectionResuableView.swift; sourceTree = "<group>"; };
		BFCA6982296ACBF200CE32DD /* BottomSheetsVC.swift */ = {isa = PBXFileReference; lastKnownFileType = sourcecode.swift; path = BottomSheetsVC.swift; sourceTree = "<group>"; };
		BFCA6984296ACC0A00CE32DD /* BottomSheetsTableViewCell.swift */ = {isa = PBXFileReference; lastKnownFileType = sourcecode.swift; path = BottomSheetsTableViewCell.swift; sourceTree = "<group>"; };
		BFCA6986296ACC2300CE32DD /* BottomSheetsDetails.swift */ = {isa = PBXFileReference; lastKnownFileType = sourcecode.swift; path = BottomSheetsDetails.swift; sourceTree = "<group>"; };
		BFDD55CE2937295E00DC8D68 /* OTPPhoneNumberVC.swift */ = {isa = PBXFileReference; lastKnownFileType = sourcecode.swift; path = OTPPhoneNumberVC.swift; sourceTree = "<group>"; };
		BFDD55D32937379D00DC8D68 /* AuthManager.swift */ = {isa = PBXFileReference; lastKnownFileType = sourcecode.swift; path = AuthManager.swift; sourceTree = "<group>"; };
		BFDD55D529373A6400DC8D68 /* ForgotPasswordControls.swift */ = {isa = PBXFileReference; lastKnownFileType = sourcecode.swift; path = ForgotPasswordControls.swift; sourceTree = "<group>"; };
		BFDD55D729373FDE00DC8D68 /* OTPScreenVC.swift */ = {isa = PBXFileReference; lastKnownFileType = sourcecode.swift; path = OTPScreenVC.swift; sourceTree = "<group>"; };
		BFDD55F929376AD700DC8D68 /* AccountControls.swift */ = {isa = PBXFileReference; lastKnownFileType = sourcecode.swift; path = AccountControls.swift; sourceTree = "<group>"; };
		BFDD55FC2937769B00DC8D68 /* MailVC.swift */ = {isa = PBXFileReference; lastKnownFileType = sourcecode.swift; path = MailVC.swift; sourceTree = "<group>"; };
		BFDD55FE293795CA00DC8D68 /* GenderVC.swift */ = {isa = PBXFileReference; lastKnownFileType = sourcecode.swift; path = GenderVC.swift; sourceTree = "<group>"; };
		BFDD560029379D2700DC8D68 /* DataOfBirthVC.swift */ = {isa = PBXFileReference; lastKnownFileType = sourcecode.swift; path = DataOfBirthVC.swift; sourceTree = "<group>"; };
		BFDF7057292A3E13001A736F /* ResetPasswordVC.swift */ = {isa = PBXFileReference; lastKnownFileType = sourcecode.swift; path = ResetPasswordVC.swift; sourceTree = "<group>"; };
		BFDF7059292B4237001A736F /* PersonalInformationVC.swift */ = {isa = PBXFileReference; lastKnownFileType = sourcecode.swift; path = PersonalInformationVC.swift; sourceTree = "<group>"; };
		BFDF705F292B7A25001A736F /* UIViewControllerExtension.swift */ = {isa = PBXFileReference; lastKnownFileType = sourcecode.swift; path = UIViewControllerExtension.swift; sourceTree = "<group>"; };
		BFDF7062292BA20A001A736F /* ProfileControls.swift */ = {isa = PBXFileReference; lastKnownFileType = sourcecode.swift; path = ProfileControls.swift; sourceTree = "<group>"; };
		BFDF706B292D1651001A736F /* UIImageExtension.swift */ = {isa = PBXFileReference; lastKnownFileType = sourcecode.swift; path = UIImageExtension.swift; sourceTree = "<group>"; };
		BFDF706D292D16B0001A736F /* NewPostControls.swift */ = {isa = PBXFileReference; lastKnownFileType = sourcecode.swift; path = NewPostControls.swift; sourceTree = "<group>"; };
		BFDF706F292DFAAC001A736F /* SearchCustomCell.swift */ = {isa = PBXFileReference; lastKnownFileType = sourcecode.swift; path = SearchCustomCell.swift; sourceTree = "<group>"; };
		BFDF7071292E46BA001A736F /* FeedsCustomCell.swift */ = {isa = PBXFileReference; lastKnownFileType = sourcecode.swift; path = FeedsCustomCell.swift; sourceTree = "<group>"; };
		BFDF7073292F28B6001A736F /* FeedsControls.swift */ = {isa = PBXFileReference; lastKnownFileType = sourcecode.swift; path = FeedsControls.swift; sourceTree = "<group>"; };
		BFDF7078292F375D001A736F /* PostControls.swift */ = {isa = PBXFileReference; lastKnownFileType = sourcecode.swift; path = PostControls.swift; sourceTree = "<group>"; };
		BFE88C302963F6B700CB3CDA /* UIButtonExtension.swift */ = {isa = PBXFileReference; lastKnownFileType = sourcecode.swift; path = UIButtonExtension.swift; sourceTree = "<group>"; };
/* End PBXFileReference section */

/* Begin PBXFrameworksBuildPhase section */
		BF4542542918C03100BAC4B2 /* Frameworks */ = {
			isa = PBXFrameworksBuildPhase;
			buildActionMask = 2147483647;
			files = (
				BF45429F2918EC5600BAC4B2 /* Lottie in Frameworks */,
				BFDD55D229372CF600DC8D68 /* FirebaseAuth in Frameworks */,
			);
			runOnlyForDeploymentPostprocessing = 0;
		};
/* End PBXFrameworksBuildPhase section */

/* Begin PBXGroup section */
		BF256015295415BD00187E18 /* ResetPassword */ = {
			isa = PBXGroup;
			children = (
				BFDF7057292A3E13001A736F /* ResetPasswordVC.swift */,
				BF2560132954159500187E18 /* ResetPasswordProtocol.swift */,
				BFC9BAB82939FE6100EE1D42 /* ResetPasswordControls.swift */,
			);
			path = ResetPassword;
			sourceTree = "<group>";
		};
		BF31168D292F8C54008BAA08 /* Posts */ = {
			isa = PBXGroup;
			children = (
				BF311695292FA2A1008BAA08 /* Comments */,
				BF31168E292F8C79008BAA08 /* Likes */,
				BFA5601B29267D0D00A948B4 /* NewPost */,
				BFDF7077292F3742001A736F /* Post */,
			);
			path = Posts;
			sourceTree = "<group>";
		};
		BF31168E292F8C79008BAA08 /* Likes */ = {
			isa = PBXGroup;
			children = (
				BF311691292F8CDF008BAA08 /* LikesVC.swift */,
				BF311693292F8EC9008BAA08 /* LikesCustomCell.swift */,
				BFB3E4CA293EFCC900A266D9 /* LikesControls.swift */,
				BFB3E4D429404E2100A266D9 /* LikesProtocols.swift */,
			);
			path = Likes;
			sourceTree = "<group>";
		};
		BF311695292FA2A1008BAA08 /* Comments */ = {
			isa = PBXGroup;
			children = (
				BF311696292FA2C1008BAA08 /* CommentsCustomCell.swift */,
				BF31169A292FA306008BAA08 /* CommentsVC.swift */,
				BFB3E4C8293EFCC100A266D9 /* CommentsControls.swift */,
				BFB3E4D629404F3B00A266D9 /* CommentsProtocols.swift */,
				BFAE19D4294324ED00D7A012 /* CommentDetails.swift */,
			);
			path = Comments;
			sourceTree = "<group>";
		};
		BF3466322934B8DC006FF9FE /* FriendRequests */ = {
			isa = PBXGroup;
			children = (
				BFA3867329311C5800815E31 /* NotificiationGridCVCell.swift */,
				BF3466302934B8D8006FF9FE /* NotificationControls.swift */,
				BFA3867129311AFE00815E31 /* NotificationGridVC.swift */,
				BFB3E4CE29403D0200A266D9 /* NotificationProtocols.swift */,
			);
			path = FriendRequests;
			sourceTree = "<group>";
		};
		BF3466332934BCFA006FF9FE /* Friends */ = {
			isa = PBXGroup;
			children = (
				BFA5600C292519B900A948B4 /* FriendsListVC.swift */,
				BFA5600E29251A6B00A948B4 /* FriendsListCustomTVCell.swift */,
				BF3466342934D29D006FF9FE /* FriendsControls.swift */,
				BFAE19D229430BD000D7A012 /* FriendsProtocols.swift */,
			);
			path = Friends;
			sourceTree = "<group>";
		};
		BF45424E2918C03100BAC4B2 = {
			isa = PBXGroup;
			children = (
				BF4542592918C03100BAC4B2 /* SnapShots */,
				BF4542582918C03100BAC4B2 /* Products */,
			);
			sourceTree = "<group>";
		};
		BF4542582918C03100BAC4B2 /* Products */ = {
			isa = PBXGroup;
			children = (
				BF4542572918C03100BAC4B2 /* SnapShots.app */,
			);
			name = Products;
			sourceTree = "<group>";
		};
		BF4542592918C03100BAC4B2 /* SnapShots */ = {
			isa = PBXGroup;
			children = (
				BF0F0FBD2969343000C9B58A /* FaceRecognitionViewController.swift */,
				BF4542EC291B8A4A00BAC4B2 /* LaunchScreen */,
				BF4542952918D72300BAC4B2 /* Login */,
				BF4542A9291A0F1700BAC4B2 /* Register */,
				BFDD55942937205C00DC8D68 /* ForgotPassword */,
				BF4542B7291A329C00BAC4B2 /* Onboarding */,
				BF4542BE291A86EB00BAC4B2 /* SnapShots */,
				BFDF706A292CE4EB001A736F /* Feeds */,
				BFDF7069292CE4D9001A736F /* Discover */,
				BFA5600B2925197800A948B4 /* Notification */,
				BFA560092924EF4C00A948B4 /* Profile */,
				BFA560102925ED2D00A948B4 /* Settings */,
				BF75F8DF296BD89D00E108D1 /* ListTable */,
				BFB08146296D1EC600D75D28 /* ListCollections */,
				BF4542AC291A31BA00BAC4B2 /* Entity */,
				BFA560162926474400A948B4 /* Utility */,
				BFC9BAB52938602600EE1D42 /* Enums */,
				BF4542C8291B4A4B00BAC4B2 /* Database */,
				BF45425A2918C03100BAC4B2 /* AppDelegate.swift */,
				BF45425C2918C03100BAC4B2 /* SceneDelegate.swift */,
				BF4542602918C03100BAC4B2 /* Main.storyboard */,
				BF4542632918C03200BAC4B2 /* Assets.xcassets */,
				BF4542652918C03200BAC4B2 /* LaunchScreen.storyboard */,
				BF4542682918C03200BAC4B2 /* Info.plist */,
				BFAA8ABD295477A200FF0778 /* GoogleService-Info.plist */,
			);
			path = SnapShots;
			sourceTree = "<group>";
		};
		BF45426E2918C88600BAC4B2 /* Fonts */ = {
			isa = PBXGroup;
			children = (
				BFA0627A2930A9F40016739A /* Carnevalee.ttf */,
				BF45426F2918C8A500BAC4B2 /* AppLogo.ttf */,
			);
			path = Fonts;
			sourceTree = "<group>";
		};
		BF4542702918CE4F00BAC4B2 /* Extensions */ = {
			isa = PBXGroup;
			children = (
				BF4542712918CE6E00BAC4B2 /* UITextFieldExtensions.swift */,
				BFDF705F292B7A25001A736F /* UIViewControllerExtension.swift */,
				BFDF706B292D1651001A736F /* UIImageExtension.swift */,
				BFC9BAB329384C0F00EE1D42 /* UITapGestureExtensions.swift */,
				BF15D4AF295047F50039853C /* UITabBarExtension.swift */,
				BF37B8142962A6C2000291DE /* DoubleExtension.swift */,
				BFE88C302963F6B700CB3CDA /* UIButtonExtension.swift */,
			);
			path = Extensions;
			sourceTree = "<group>";
		};
		BF4542952918D72300BAC4B2 /* Login */ = {
			isa = PBXGroup;
			children = (
				BF45425E2918C03100BAC4B2 /* LoginVC.swift */,
				BFA5601429262FEF00A948B4 /* LoginControls.swift */,
				BF45431C291BBADA00BAC4B2 /* LoginProtocols.swift */,
			);
			path = Login;
			sourceTree = "<group>";
		};
		BF45429A2918E9D900BAC4B2 /* Animation */ = {
			isa = PBXGroup;
			children = (
				BF4542BA291A3C8E00BAC4B2 /* OnBoardingScreen1.json */,
				BF4542A02918F0D600BAC4B2 /* SocialMediaLaunchScreen.json */,
			);
			path = Animation;
			sourceTree = "<group>";
		};
		BF4542A6291A0C8700BAC4B2 /* Utils */ = {
			isa = PBXGroup;
			children = (
				BF34662C29348D98006FF9FE /* Constants.swift */,
				BF4542C4291A971100BAC4B2 /* AppUtility.swift */,
				BF4542E8291B579E00BAC4B2 /* UserInstance.swift */,
				BFA95934294B07F300387440 /* SubClass.swift */,
			);
			name = Utils;
			path = ..;
			sourceTree = "<group>";
		};
		BF4542A9291A0F1700BAC4B2 /* Register */ = {
			isa = PBXGroup;
			children = (
				BF4542AA291A0F3C00BAC4B2 /* RegisterVC.swift */,
				BF4542C6291AB47500BAC4B2 /* RegisterControls.swift */,
				BFA56017292647E900A948B4 /* RegisterProtocols.swift */,
			);
			path = Register;
			sourceTree = "<group>";
		};
		BF4542AC291A31BA00BAC4B2 /* Entity */ = {
			isa = PBXGroup;
			children = (
				BF4542AD291A31CB00BAC4B2 /* User.swift */,
				BF4542AF291A31D200BAC4B2 /* Profile.swift */,
				BF4542B1291A31DC00BAC4B2 /* Post.swift */,
			);
			path = Entity;
			sourceTree = "<group>";
		};
		BF4542B7291A329C00BAC4B2 /* Onboarding */ = {
			isa = PBXGroup;
			children = (
				BF4542B8291A32B400BAC4B2 /* OnboardingVC.swift */,
				BF5A13C62935CC290051FC8D /* OnboardingProfilePhotoVC.swift */,
				BF5A13F02935FA080051FC8D /* OnboardingMailVC.swift */,
				BF5A13F22935FA2C0051FC8D /* OnboardingGenderVC.swift */,
				BF5A13F42935FA4C0051FC8D /* OnboardingBirthdayVC.swift */,
				BF5A13F62935FA7C0051FC8D /* OnboardingBioVC.swift */,
				BF5A13F82935FB0E0051FC8D /* OnboardingControls.swift */,
				BFB3E4D82940507E00A266D9 /* OnboardingProtocols.swift */,
			);
			path = Onboarding;
			sourceTree = "<group>";
		};
		BF4542BE291A86EB00BAC4B2 /* SnapShots */ = {
			isa = PBXGroup;
			children = (
				BF4542C0291A873300BAC4B2 /* HomePageViewController.swift */,
			);
			path = SnapShots;
			sourceTree = "<group>";
		};
		BF4542C8291B4A4B00BAC4B2 /* Database */ = {
			isa = PBXGroup;
			children = (
				BF4542CA291B4A7900BAC4B2 /* Dao */,
				BF4542C9291B4A5900BAC4B2 /* DaoImplmplementation */,
				BF4542E4291B4B9500BAC4B2 /* SQLiteDB.swift */,
				BF4542E6291B4BA400BAC4B2 /* DatabaseProtocol.swift */,
			);
			path = Database;
			sourceTree = "<group>";
		};
		BF4542C9291B4A5900BAC4B2 /* DaoImplmplementation */ = {
			isa = PBXGroup;
			children = (
				BF4542CB291B4A8A00BAC4B2 /* UserDaoImplementation.swift */,
				BF4542CD291B4A9800BAC4B2 /* PostDaoImplementation.swift */,
				BF4542CF291B4AA600BAC4B2 /* FriendRequestDaoImplementation.swift */,
				BF4542D1291B4AC500BAC4B2 /* FriendsDaoImplementation.swift */,
				BF4542D3291B4AD000BAC4B2 /* CommentDaoImplementation.swift */,
				BF4542D5291B4ADC00BAC4B2 /* LikesDaoImplementation.swift */,
				BF75F8E8296BEEA200E108D1 /* BlockedUserDaoImplementation.swift */,
			);
			name = DaoImplmplementation;
			sourceTree = "<group>";
		};
		BF4542CA291B4A7900BAC4B2 /* Dao */ = {
			isa = PBXGroup;
			children = (
				BF4542D7291B4B3300BAC4B2 /* PostDao.swift */,
				BF4542D9291B4B3B00BAC4B2 /* UserDao.swift */,
				BF4542DB291B4B4900BAC4B2 /* FriendRequestDao.swift */,
				BF4542DD291B4B5300BAC4B2 /* FriendsDao.swift */,
				BF4542E0291B4B6F00BAC4B2 /* CommentDao.swift */,
				BF4542E2291B4B7E00BAC4B2 /* LikesDao.swift */,
				BF75F8E6296BEE5A00E108D1 /* BlockedUserDao.swift */,
			);
			path = Dao;
			sourceTree = "<group>";
		};
		BF4542EC291B8A4A00BAC4B2 /* LaunchScreen */ = {
			isa = PBXGroup;
			children = (
				BF4542ED291B8A6000BAC4B2 /* LaunchScreenVC.swift */,
			);
			name = LaunchScreen;
			sourceTree = "<group>";
		};
		BF75F8DF296BD89D00E108D1 /* ListTable */ = {
			isa = PBXGroup;
			children = (
				BF75F8E0296BD8C600E108D1 /* ListTableVC.swift */,
				BF75F8E2296BD8DA00E108D1 /* ListTableControls.swift */,
				BF75F8E4296BDAF200E108D1 /* ListTableViewCell.swift */,
				BF75F8EA296BF32600E108D1 /* ListTableProtocols.swift */,
			);
			path = ListTable;
			sourceTree = "<group>";
		};
		BF816B9D2929C8BC0097421D /* Usecase */ = {
			isa = PBXGroup;
			children = (
				BF816BA22929D3D70097421D /* Account */,
				BF816BA12929D3CE0097421D /* Security */,
				BF816B9E2929C8C50097421D /* About */,
			);
			path = Usecase;
			sourceTree = "<group>";
		};
		BF816B9E2929C8C50097421D /* About */ = {
			isa = PBXGroup;
			children = (
				BF816B9F2929C8D10097421D /* AboutViewController.swift */,
			);
			path = About;
			sourceTree = "<group>";
		};
		BF816BA12929D3CE0097421D /* Security */ = {
			isa = PBXGroup;
			children = (
				BF816BA32929D3E90097421D /* SecurityVC.swift */,
				BF256015295415BD00187E18 /* ResetPassword */,
			);
			path = Security;
			sourceTree = "<group>";
		};
		BF816BA22929D3D70097421D /* Account */ = {
			isa = PBXGroup;
			children = (
				BF816BA52929D3F30097421D /* AccountVC.swift */,
				BFDD55F929376AD700DC8D68 /* AccountControls.swift */,
				BFAE19D82947697100D7A012 /* AccountControlProtocols.swift */,
				BFDD55FB2937767B00DC8D68 /* PersonalInformation */,
			);
			name = Account;
			sourceTree = "<group>";
		};
		BFA560092924EF4C00A948B4 /* Profile */ = {
			isa = PBXGroup;
			children = (
				BF31168D292F8C54008BAA08 /* Posts */,
				BFA5600A2924EF5C00A948B4 /* Profile */,
			);
			path = Profile;
			sourceTree = "<group>";
		};
		BFA5600A2924EF5C00A948B4 /* Profile */ = {
			isa = PBXGroup;
			children = (
				BFCA6981296ACBDB00CE32DD /* BottomSheets */,
				BFAE19C7294181C000D7A012 /* EditProfile */,
				BFA55FDB2922433200A948B4 /* ProfileVC.swift */,
				BFA560062924BA4400A948B4 /* ProfileHeaderCollectionReusableView.swift */,
				BFC9BABC293DFD0D00EE1D42 /* ProfileFooterCollectionResuableView.swift */,
				BFA55FDE29236C8000A948B4 /* CustomCollectionViewCell.swift */,
				BFDF7062292BA20A001A736F /* ProfileControls.swift */,
				BFB3E4CC293FA27700A266D9 /* ProfileProtocols.swift */,
			);
			path = Profile;
			sourceTree = "<group>";
		};
		BFA5600B2925197800A948B4 /* Notification */ = {
			isa = PBXGroup;
			children = (
				BF3466332934BCFA006FF9FE /* Friends */,
				BF3466322934B8DC006FF9FE /* FriendRequests */,
			);
			path = Notification;
			sourceTree = "<group>";
		};
		BFA560102925ED2D00A948B4 /* Settings */ = {
			isa = PBXGroup;
			children = (
				BFA560112925ED5E00A948B4 /* Settings */,
			);
			path = Settings;
			sourceTree = "<group>";
		};
		BFA560112925ED5E00A948B4 /* Settings */ = {
			isa = PBXGroup;
			children = (
				BFA560122925ED7600A948B4 /* SettingsViewController.swift */,
				BF816B9D2929C8BC0097421D /* Usecase */,
			);
			path = Settings;
			sourceTree = "<group>";
		};
		BFA560162926474400A948B4 /* Utility */ = {
			isa = PBXGroup;
			children = (
				BF45426E2918C88600BAC4B2 /* Fonts */,
				BF4542702918CE4F00BAC4B2 /* Extensions */,
				BF4542A6291A0C8700BAC4B2 /* Utils */,
				BF45429A2918E9D900BAC4B2 /* Animation */,
			);
			path = Utility;
			sourceTree = "<group>";
		};
		BFA5601B29267D0D00A948B4 /* NewPost */ = {
			isa = PBXGroup;
			children = (
				BFA5601C29267D1C00A948B4 /* NewPostVC.swift */,
				BFDF706D292D16B0001A736F /* NewPostControls.swift */,
				BFB3E4DA2940593000A266D9 /* NewPostProtocols.swift */,
			);
			path = NewPost;
			sourceTree = "<group>";
		};
		BFAE19C7294181C000D7A012 /* EditProfile */ = {
			isa = PBXGroup;
			children = (
				BFAE19CA2941820F00D7A012 /* EditProfileVC.swift */,
				BFAE19CC2941823E00D7A012 /* EditProfileControls.swift */,
				BFAE19CE2941824A00D7A012 /* EditProfileProtocols.swift */,
			);
			path = EditProfile;
			sourceTree = "<group>";
		};
		BFB08146296D1EC600D75D28 /* ListCollections */ = {
			isa = PBXGroup;
			children = (
				BFB08147296D1EE700D75D28 /* ListCollectionVC.swift */,
				BFB08149296D1EF300D75D28 /* ListCollectionControls.swift */,
				BFB0814B296D1EFF00D75D28 /* ListCollectionControlsProtocol.swift */,
				BFB0814D296D1F2600D75D28 /* ListCollectionCustomCell.swift */,
				BFB0814F296D2D2F00D75D28 /* ListCollectionDetails.swift */,
			);
			path = ListCollections;
			sourceTree = "<group>";
		};
		BFC9BAB52938602600EE1D42 /* Enums */ = {
			isa = PBXGroup;
			children = (
				BF4542B5291A325600BAC4B2 /* Gender.swift */,
				BFC9BAB62938603B00EE1D42 /* SnapShotsError.swift */,
				BF34662E2934ACE9006FF9FE /* ProfileAccess.swift */,
			);
			path = Enums;
			sourceTree = "<group>";
		};
		BFCA6981296ACBDB00CE32DD /* BottomSheets */ = {
			isa = PBXGroup;
			children = (
				BFCA6982296ACBF200CE32DD /* BottomSheetsVC.swift */,
				BFCA6984296ACC0A00CE32DD /* BottomSheetsTableViewCell.swift */,
				BFCA6986296ACC2300CE32DD /* BottomSheetsDetails.swift */,
				BF75F8DD296AEC3900E108D1 /* BottomSheetEntity.swift */,
			);
			path = BottomSheets;
			sourceTree = "<group>";
		};
		BFDD55942937205C00DC8D68 /* ForgotPassword */ = {
			isa = PBXGroup;
			children = (
				BFDD55D32937379D00DC8D68 /* AuthManager.swift */,
				BFDD55CE2937295E00DC8D68 /* OTPPhoneNumberVC.swift */,
				BFDD55D729373FDE00DC8D68 /* OTPScreenVC.swift */,
				BFAE19D62946EBCF00D7A012 /* OTPChangePasswordVC.swift */,
				BFDD55D529373A6400DC8D68 /* ForgotPasswordControls.swift */,
			);
			path = ForgotPassword;
			sourceTree = "<group>";
		};
		BFDD55FB2937767B00DC8D68 /* PersonalInformation */ = {
			isa = PBXGroup;
			children = (
				BFDF7059292B4237001A736F /* PersonalInformationVC.swift */,
				BFDD55FC2937769B00DC8D68 /* MailVC.swift */,
				BFDD55FE293795CA00DC8D68 /* GenderVC.swift */,
				BFDD560029379D2700DC8D68 /* DataOfBirthVC.swift */,
				BFC9BABA293A213B00EE1D42 /* PhoneNumberVC.swift */,
			);
			name = PersonalInformation;
			sourceTree = "<group>";
		};
		BFDF7069292CE4D9001A736F /* Discover */ = {
			isa = PBXGroup;
			children = (
				BF34662A29347FA9006FF9FE /* SearchControls.swift */,
				BFA55FD72922430800A948B4 /* SearchPeopleVC.swift */,
				BFDF706F292DFAAC001A736F /* SearchCustomCell.swift */,
				BFB3E4D02940493500A266D9 /* SearchProtocols.swift */,
			);
			path = Discover;
			sourceTree = "<group>";
		};
		BFDF706A292CE4EB001A736F /* Feeds */ = {
			isa = PBXGroup;
			children = (
				BFA55FD5292242EB00A948B4 /* FeedsVC.swift */,
				BFDF7071292E46BA001A736F /* FeedsCustomCell.swift */,
				BFDF7073292F28B6001A736F /* FeedsControls.swift */,
				BFB3E4D2294049FE00A266D9 /* FeedsProtocols.swift */,
				BFAE19D02942E9CB00D7A012 /* FeedsDetails.swift */,
			);
			path = Feeds;
			sourceTree = "<group>";
		};
		BFDF7077292F3742001A736F /* Post */ = {
			isa = PBXGroup;
			children = (
				BFDF7078292F375D001A736F /* PostControls.swift */,
				BFB3E4DC2940ABE300A266D9 /* PostProtocols.swift */,
				BF8F8F5B29595A770028C688 /* PostVC.swift */,
				BF8F8F5D29595BE80028C688 /* PostVCHeader.swift */,
			);
			path = Post;
			sourceTree = "<group>";
		};
/* End PBXGroup section */

/* Begin PBXNativeTarget section */
		BF4542562918C03100BAC4B2 /* SnapShots */ = {
			isa = PBXNativeTarget;
			buildConfigurationList = BF45426B2918C03200BAC4B2 /* Build configuration list for PBXNativeTarget "SnapShots" */;
			buildPhases = (
				BF4542532918C03100BAC4B2 /* Sources */,
				BF4542542918C03100BAC4B2 /* Frameworks */,
				BF4542552918C03100BAC4B2 /* Resources */,
			);
			buildRules = (
			);
			dependencies = (
			);
			name = SnapShots;
			packageProductDependencies = (
				BF45429E2918EC5600BAC4B2 /* Lottie */,
				BFDD55D129372CF600DC8D68 /* FirebaseAuth */,
			);
			productName = SnapShots;
			productReference = BF4542572918C03100BAC4B2 /* SnapShots.app */;
			productType = "com.apple.product-type.application";
		};
/* End PBXNativeTarget section */

/* Begin PBXProject section */
		BF45424F2918C03100BAC4B2 /* Project object */ = {
			isa = PBXProject;
			attributes = {
				BuildIndependentTargetsInParallel = 1;
				LastSwiftUpdateCheck = 1410;
				LastUpgradeCheck = 1410;
				TargetAttributes = {
					BF4542562918C03100BAC4B2 = {
						CreatedOnToolsVersion = 14.1;
					};
				};
			};
			buildConfigurationList = BF4542522918C03100BAC4B2 /* Build configuration list for PBXProject "SnapShots" */;
			compatibilityVersion = "Xcode 14.0";
			developmentRegion = en;
			hasScannedForEncodings = 0;
			knownRegions = (
				en,
				Base,
			);
			mainGroup = BF45424E2918C03100BAC4B2;
			packageReferences = (
				BF45429D2918EC5600BAC4B2 /* XCRemoteSwiftPackageReference "lottie-ios" */,
				BFDD55D029372CF600DC8D68 /* XCRemoteSwiftPackageReference "firebase-ios-sdk" */,
			);
			productRefGroup = BF4542582918C03100BAC4B2 /* Products */;
			projectDirPath = "";
			projectRoot = "";
			targets = (
				BF4542562918C03100BAC4B2 /* SnapShots */,
			);
		};
/* End PBXProject section */

/* Begin PBXResourcesBuildPhase section */
		BF4542552918C03100BAC4B2 /* Resources */ = {
			isa = PBXResourcesBuildPhase;
			buildActionMask = 2147483647;
			files = (
				BF4542672918C03200BAC4B2 /* LaunchScreen.storyboard in Resources */,
				BFAA8ABE295477A200FF0778 /* GoogleService-Info.plist in Resources */,
				BF4542BB291A3C8E00BAC4B2 /* OnBoardingScreen1.json in Resources */,
				BF4542962918DA9300BAC4B2 /* AppLogo.ttf in Resources */,
				BF4542A12918F0D600BAC4B2 /* SocialMediaLaunchScreen.json in Resources */,
				BFA0627B2930A9F40016739A /* Carnevalee.ttf in Resources */,
				BF4542642918C03200BAC4B2 /* Assets.xcassets in Resources */,
				BF4542622918C03100BAC4B2 /* Main.storyboard in Resources */,
			);
			runOnlyForDeploymentPostprocessing = 0;
		};
/* End PBXResourcesBuildPhase section */

/* Begin PBXSourcesBuildPhase section */
		BF4542532918C03100BAC4B2 /* Sources */ = {
			isa = PBXSourcesBuildPhase;
			buildActionMask = 2147483647;
			files = (
				BFA3867429311C5800815E31 /* NotificiationGridCVCell.swift in Sources */,
				BFE88C312963F6B700CB3CDA /* UIButtonExtension.swift in Sources */,
				BFB08150296D2D2F00D75D28 /* ListCollectionDetails.swift in Sources */,
				BF4542D2291B4AC500BAC4B2 /* FriendsDaoImplementation.swift in Sources */,
				BFDD55D829373FDE00DC8D68 /* OTPScreenVC.swift in Sources */,
				BFDF705A292B4237001A736F /* PersonalInformationVC.swift in Sources */,
				BFC9BABD293DFD0D00EE1D42 /* ProfileFooterCollectionResuableView.swift in Sources */,
				BF4542E9291B579E00BAC4B2 /* UserInstance.swift in Sources */,
				BF4542C5291A971100BAC4B2 /* AppUtility.swift in Sources */,
				BF4542D8291B4B3300BAC4B2 /* PostDao.swift in Sources */,
				BF75F8E1296BD8C600E108D1 /* ListTableVC.swift in Sources */,
				BF31169B292FA306008BAA08 /* CommentsVC.swift in Sources */,
				BF4542DE291B4B5300BAC4B2 /* FriendsDao.swift in Sources */,
				BF5A13F52935FA4C0051FC8D /* OnboardingBirthdayVC.swift in Sources */,
				BFA55FD82922430800A948B4 /* SearchPeopleVC.swift in Sources */,
				BFAE19D5294324ED00D7A012 /* CommentDetails.swift in Sources */,
				BF34662B29347FA9006FF9FE /* SearchControls.swift in Sources */,
				BFB3E4CB293EFCC900A266D9 /* LikesControls.swift in Sources */,
				BF5A13F32935FA2C0051FC8D /* OnboardingGenderVC.swift in Sources */,
				BFAE19CF2941824A00D7A012 /* EditProfileProtocols.swift in Sources */,
				BFB3E4CD293FA27700A266D9 /* ProfileProtocols.swift in Sources */,
				BFA55FD6292242EB00A948B4 /* FeedsVC.swift in Sources */,
				BFAE19D92947697100D7A012 /* AccountControlProtocols.swift in Sources */,
				BFDF7074292F28B6001A736F /* FeedsControls.swift in Sources */,
				BF2560142954159500187E18 /* ResetPasswordProtocol.swift in Sources */,
				BF4542D4291B4AD000BAC4B2 /* CommentDaoImplementation.swift in Sources */,
				BFB3E4D3294049FE00A266D9 /* FeedsProtocols.swift in Sources */,
				BFCA6983296ACBF200CE32DD /* BottomSheetsVC.swift in Sources */,
				BF4542E3291B4B7E00BAC4B2 /* LikesDao.swift in Sources */,
				BFB3E4CF29403D0200A266D9 /* NotificationProtocols.swift in Sources */,
				BFB0814C296D1EFF00D75D28 /* ListCollectionControlsProtocol.swift in Sources */,
				BFB3E4D12940493500A266D9 /* SearchProtocols.swift in Sources */,
				BFAE19CD2941823E00D7A012 /* EditProfileControls.swift in Sources */,
				BFA55FDF29236C8000A948B4 /* CustomCollectionViewCell.swift in Sources */,
				BFA5601D29267D1C00A948B4 /* NewPostVC.swift in Sources */,
				BF311694292F8EC9008BAA08 /* LikesCustomCell.swift in Sources */,
				BF8F8F5E29595BE80028C688 /* PostVCHeader.swift in Sources */,
				BF4542D6291B4ADC00BAC4B2 /* LikesDaoImplementation.swift in Sources */,
				BF5A13F92935FB0E0051FC8D /* OnboardingControls.swift in Sources */,
				BFCA6985296ACC0A00CE32DD /* BottomSheetsTableViewCell.swift in Sources */,
				BFDF7079292F375D001A736F /* PostControls.swift in Sources */,
				BF34662F2934ACE9006FF9FE /* ProfileAccess.swift in Sources */,
				BFDD55FF293795CA00DC8D68 /* GenderVC.swift in Sources */,
				BFB3E4C9293EFCC100A266D9 /* CommentsControls.swift in Sources */,
				BFB3E4D729404F3B00A266D9 /* CommentsProtocols.swift in Sources */,
				BF45425F2918C03100BAC4B2 /* LoginVC.swift in Sources */,
				BFDD55D629373A6400DC8D68 /* ForgotPasswordControls.swift in Sources */,
				BFA56018292647E900A948B4 /* RegisterProtocols.swift in Sources */,
				BF4542EE291B8A6000BAC4B2 /* LaunchScreenVC.swift in Sources */,
				BFAE19D72946EBCF00D7A012 /* OTPChangePasswordVC.swift in Sources */,
				BF5A13C72935CC290051FC8D /* OnboardingProfilePhotoVC.swift in Sources */,
				BFC9BABB293A213B00EE1D42 /* PhoneNumberVC.swift in Sources */,
				BF4542E1291B4B6F00BAC4B2 /* CommentDao.swift in Sources */,
				BFDD560129379D2700DC8D68 /* DataOfBirthVC.swift in Sources */,
				BF3466312934B8D8006FF9FE /* NotificationControls.swift in Sources */,
				BF4542722918CE6E00BAC4B2 /* UITextFieldExtensions.swift in Sources */,
				BF4542AE291A31CB00BAC4B2 /* User.swift in Sources */,
				BF75F8E5296BDAF200E108D1 /* ListTableViewCell.swift in Sources */,
				BF8F8F5C29595A770028C688 /* PostVC.swift in Sources */,
				BF75F8E7296BEE5A00E108D1 /* BlockedUserDao.swift in Sources */,
				BFDD55D42937379D00DC8D68 /* AuthManager.swift in Sources */,
				BF4542B2291A31DC00BAC4B2 /* Post.swift in Sources */,
				BFA95935294B07F300387440 /* SubClass.swift in Sources */,
				BFDF7060292B7A25001A736F /* UIViewControllerExtension.swift in Sources */,
				BF4542E5291B4B9500BAC4B2 /* SQLiteDB.swift in Sources */,
				BFDF7070292DFAAC001A736F /* SearchCustomCell.swift in Sources */,
				BFC9BAB429384C0F00EE1D42 /* UITapGestureExtensions.swift in Sources */,
				BFAE19CB2941820F00D7A012 /* EditProfileVC.swift in Sources */,
				BF4542B0291A31D200BAC4B2 /* Profile.swift in Sources */,
				BFDD55FD2937769B00DC8D68 /* MailVC.swift in Sources */,
				BF4542CE291B4A9800BAC4B2 /* PostDaoImplementation.swift in Sources */,
				BF34662D29348D98006FF9FE /* Constants.swift in Sources */,
				BF45425B2918C03100BAC4B2 /* AppDelegate.swift in Sources */,
				BF75F8E3296BD8DA00E108D1 /* ListTableControls.swift in Sources */,
				BFB3E4D92940507E00A266D9 /* OnboardingProtocols.swift in Sources */,
				BFB3E4DD2940ABE300A266D9 /* PostProtocols.swift in Sources */,
				BF75F8DE296AEC3900E108D1 /* BottomSheetEntity.swift in Sources */,
				BFC9BAB92939FE6100EE1D42 /* ResetPasswordControls.swift in Sources */,
				BFDF7072292E46BA001A736F /* FeedsCustomCell.swift in Sources */,
				BF4542C7291AB47500BAC4B2 /* RegisterControls.swift in Sources */,
				BFA560072924BA4400A948B4 /* ProfileHeaderCollectionReusableView.swift in Sources */,
				BF816BA62929D3F30097421D /* AccountVC.swift in Sources */,
				BF816BA42929D3E90097421D /* SecurityVC.swift in Sources */,
				BFCA6987296ACC2300CE32DD /* BottomSheetsDetails.swift in Sources */,
				BF4542DA291B4B3B00BAC4B2 /* UserDao.swift in Sources */,
				BFB3E4DB2940593000A266D9 /* NewPostProtocols.swift in Sources */,
				BF4542E7291B4BA400BAC4B2 /* DatabaseProtocol.swift in Sources */,
				BF0F0FBE2969343000C9B58A /* FaceRecognitionViewController.swift in Sources */,
				BFDF706E292D16B0001A736F /* NewPostControls.swift in Sources */,
				BF75F8EB296BF32600E108D1 /* ListTableProtocols.swift in Sources */,
				BF45431D291BBADA00BAC4B2 /* LoginProtocols.swift in Sources */,
				BF15D4B0295047F50039853C /* UITabBarExtension.swift in Sources */,
				BFDF706C292D1651001A736F /* UIImageExtension.swift in Sources */,
				BF4542B6291A325600BAC4B2 /* Gender.swift in Sources */,
				BF4542C1291A873300BAC4B2 /* HomePageViewController.swift in Sources */,
				BFB3E4D529404E2100A266D9 /* LikesProtocols.swift in Sources */,
				BF37B8152962A6C2000291DE /* DoubleExtension.swift in Sources */,
				BF4542B9291A32B400BAC4B2 /* OnboardingVC.swift in Sources */,
				BFDF7063292BA20A001A736F /* ProfileControls.swift in Sources */,
				BFAE19D12942E9CB00D7A012 /* FeedsDetails.swift in Sources */,
				BFA5601529262FEF00A948B4 /* LoginControls.swift in Sources */,
				BFA560132925ED7600A948B4 /* SettingsViewController.swift in Sources */,
				BFDD55CF2937295E00DC8D68 /* OTPPhoneNumberVC.swift in Sources */,
				BF4542AB291A0F3C00BAC4B2 /* RegisterVC.swift in Sources */,
				BFA3867229311AFE00815E31 /* NotificationGridVC.swift in Sources */,
				BF75F8E9296BEEA200E108D1 /* BlockedUserDaoImplementation.swift in Sources */,
				BF45425D2918C03100BAC4B2 /* SceneDelegate.swift in Sources */,
				BF4542D0291B4AA600BAC4B2 /* FriendRequestDaoImplementation.swift in Sources */,
				BF816BA02929C8D10097421D /* AboutViewController.swift in Sources */,
				BFA5600D292519B900A948B4 /* FriendsListVC.swift in Sources */,
				BF5A13F12935FA080051FC8D /* OnboardingMailVC.swift in Sources */,
				BFA5600F29251A6B00A948B4 /* FriendsListCustomTVCell.swift in Sources */,
				BFA55FDC2922433200A948B4 /* ProfileVC.swift in Sources */,
				BF5A13F72935FA7C0051FC8D /* OnboardingBioVC.swift in Sources */,
				BFC9BAB72938603B00EE1D42 /* SnapShotsError.swift in Sources */,
				BFAE19D329430BD000D7A012 /* FriendsProtocols.swift in Sources */,
				BF4542DC291B4B4900BAC4B2 /* FriendRequestDao.swift in Sources */,
				BF3466352934D29D006FF9FE /* FriendsControls.swift in Sources */,
				BFB08148296D1EE700D75D28 /* ListCollectionVC.swift in Sources */,
				BF311697292FA2C1008BAA08 /* CommentsCustomCell.swift in Sources */,
				BFB0814E296D1F2600D75D28 /* ListCollectionCustomCell.swift in Sources */,
				BFDD55FA29376AD700DC8D68 /* AccountControls.swift in Sources */,
				BF4542CC291B4A8A00BAC4B2 /* UserDaoImplementation.swift in Sources */,
				BF311692292F8CDF008BAA08 /* LikesVC.swift in Sources */,
				BFDF7058292A3E13001A736F /* ResetPasswordVC.swift in Sources */,
				BFB0814A296D1EF300D75D28 /* ListCollectionControls.swift in Sources */,
			);
			runOnlyForDeploymentPostprocessing = 0;
		};
/* End PBXSourcesBuildPhase section */

/* Begin PBXVariantGroup section */
		BF4542602918C03100BAC4B2 /* Main.storyboard */ = {
			isa = PBXVariantGroup;
			children = (
				BF4542612918C03100BAC4B2 /* Base */,
			);
			name = Main.storyboard;
			sourceTree = "<group>";
		};
		BF4542652918C03200BAC4B2 /* LaunchScreen.storyboard */ = {
			isa = PBXVariantGroup;
			children = (
				BF4542662918C03200BAC4B2 /* Base */,
			);
			name = LaunchScreen.storyboard;
			sourceTree = "<group>";
		};
/* End PBXVariantGroup section */

/* Begin XCBuildConfiguration section */
		BF4542692918C03200BAC4B2 /* Debug */ = {
			isa = XCBuildConfiguration;
			buildSettings = {
				ALWAYS_SEARCH_USER_PATHS = NO;
				CLANG_ANALYZER_NONNULL = YES;
				CLANG_ANALYZER_NUMBER_OBJECT_CONVERSION = YES_AGGRESSIVE;
				CLANG_CXX_LANGUAGE_STANDARD = "gnu++20";
				CLANG_ENABLE_MODULES = YES;
				CLANG_ENABLE_OBJC_ARC = YES;
				CLANG_ENABLE_OBJC_WEAK = YES;
				CLANG_WARN_BLOCK_CAPTURE_AUTORELEASING = YES;
				CLANG_WARN_BOOL_CONVERSION = YES;
				CLANG_WARN_COMMA = YES;
				CLANG_WARN_CONSTANT_CONVERSION = YES;
				CLANG_WARN_DEPRECATED_OBJC_IMPLEMENTATIONS = YES;
				CLANG_WARN_DIRECT_OBJC_ISA_USAGE = YES_ERROR;
				CLANG_WARN_DOCUMENTATION_COMMENTS = YES;
				CLANG_WARN_EMPTY_BODY = YES;
				CLANG_WARN_ENUM_CONVERSION = YES;
				CLANG_WARN_INFINITE_RECURSION = YES;
				CLANG_WARN_INT_CONVERSION = YES;
				CLANG_WARN_NON_LITERAL_NULL_CONVERSION = YES;
				CLANG_WARN_OBJC_IMPLICIT_RETAIN_SELF = YES;
				CLANG_WARN_OBJC_LITERAL_CONVERSION = YES;
				CLANG_WARN_OBJC_ROOT_CLASS = YES_ERROR;
				CLANG_WARN_QUOTED_INCLUDE_IN_FRAMEWORK_HEADER = YES;
				CLANG_WARN_RANGE_LOOP_ANALYSIS = YES;
				CLANG_WARN_STRICT_PROTOTYPES = YES;
				CLANG_WARN_SUSPICIOUS_MOVE = YES;
				CLANG_WARN_UNGUARDED_AVAILABILITY = YES_AGGRESSIVE;
				CLANG_WARN_UNREACHABLE_CODE = YES;
				CLANG_WARN__DUPLICATE_METHOD_MATCH = YES;
				COPY_PHASE_STRIP = NO;
				DEBUG_INFORMATION_FORMAT = dwarf;
				ENABLE_STRICT_OBJC_MSGSEND = YES;
				ENABLE_TESTABILITY = YES;
				GCC_C_LANGUAGE_STANDARD = gnu11;
				GCC_DYNAMIC_NO_PIC = NO;
				GCC_NO_COMMON_BLOCKS = YES;
				GCC_OPTIMIZATION_LEVEL = 0;
				GCC_PREPROCESSOR_DEFINITIONS = (
					"DEBUG=1",
					"$(inherited)",
				);
				GCC_WARN_64_TO_32_BIT_CONVERSION = YES;
				GCC_WARN_ABOUT_RETURN_TYPE = YES_ERROR;
				GCC_WARN_UNDECLARED_SELECTOR = YES;
				GCC_WARN_UNINITIALIZED_AUTOS = YES_AGGRESSIVE;
				GCC_WARN_UNUSED_FUNCTION = YES;
				GCC_WARN_UNUSED_VARIABLE = YES;
				IPHONEOS_DEPLOYMENT_TARGET = 16.1;
				MTL_ENABLE_DEBUG_INFO = INCLUDE_SOURCE;
				MTL_FAST_MATH = YES;
				ONLY_ACTIVE_ARCH = YES;
				SDKROOT = iphoneos;
				SWIFT_ACTIVE_COMPILATION_CONDITIONS = DEBUG;
				SWIFT_OPTIMIZATION_LEVEL = "-Onone";
			};
			name = Debug;
		};
		BF45426A2918C03200BAC4B2 /* Release */ = {
			isa = XCBuildConfiguration;
			buildSettings = {
				ALWAYS_SEARCH_USER_PATHS = NO;
				CLANG_ANALYZER_NONNULL = YES;
				CLANG_ANALYZER_NUMBER_OBJECT_CONVERSION = YES_AGGRESSIVE;
				CLANG_CXX_LANGUAGE_STANDARD = "gnu++20";
				CLANG_ENABLE_MODULES = YES;
				CLANG_ENABLE_OBJC_ARC = YES;
				CLANG_ENABLE_OBJC_WEAK = YES;
				CLANG_WARN_BLOCK_CAPTURE_AUTORELEASING = YES;
				CLANG_WARN_BOOL_CONVERSION = YES;
				CLANG_WARN_COMMA = YES;
				CLANG_WARN_CONSTANT_CONVERSION = YES;
				CLANG_WARN_DEPRECATED_OBJC_IMPLEMENTATIONS = YES;
				CLANG_WARN_DIRECT_OBJC_ISA_USAGE = YES_ERROR;
				CLANG_WARN_DOCUMENTATION_COMMENTS = YES;
				CLANG_WARN_EMPTY_BODY = YES;
				CLANG_WARN_ENUM_CONVERSION = YES;
				CLANG_WARN_INFINITE_RECURSION = YES;
				CLANG_WARN_INT_CONVERSION = YES;
				CLANG_WARN_NON_LITERAL_NULL_CONVERSION = YES;
				CLANG_WARN_OBJC_IMPLICIT_RETAIN_SELF = YES;
				CLANG_WARN_OBJC_LITERAL_CONVERSION = YES;
				CLANG_WARN_OBJC_ROOT_CLASS = YES_ERROR;
				CLANG_WARN_QUOTED_INCLUDE_IN_FRAMEWORK_HEADER = YES;
				CLANG_WARN_RANGE_LOOP_ANALYSIS = YES;
				CLANG_WARN_STRICT_PROTOTYPES = YES;
				CLANG_WARN_SUSPICIOUS_MOVE = YES;
				CLANG_WARN_UNGUARDED_AVAILABILITY = YES_AGGRESSIVE;
				CLANG_WARN_UNREACHABLE_CODE = YES;
				CLANG_WARN__DUPLICATE_METHOD_MATCH = YES;
				COPY_PHASE_STRIP = NO;
				DEBUG_INFORMATION_FORMAT = "dwarf-with-dsym";
				ENABLE_NS_ASSERTIONS = NO;
				ENABLE_STRICT_OBJC_MSGSEND = YES;
				GCC_C_LANGUAGE_STANDARD = gnu11;
				GCC_NO_COMMON_BLOCKS = YES;
				GCC_WARN_64_TO_32_BIT_CONVERSION = YES;
				GCC_WARN_ABOUT_RETURN_TYPE = YES_ERROR;
				GCC_WARN_UNDECLARED_SELECTOR = YES;
				GCC_WARN_UNINITIALIZED_AUTOS = YES_AGGRESSIVE;
				GCC_WARN_UNUSED_FUNCTION = YES;
				GCC_WARN_UNUSED_VARIABLE = YES;
				IPHONEOS_DEPLOYMENT_TARGET = 16.1;
				MTL_ENABLE_DEBUG_INFO = NO;
				MTL_FAST_MATH = YES;
				SDKROOT = iphoneos;
				SWIFT_COMPILATION_MODE = wholemodule;
				SWIFT_OPTIMIZATION_LEVEL = "-O";
				VALIDATE_PRODUCT = YES;
			};
			name = Release;
		};
		BF45426C2918C03200BAC4B2 /* Debug */ = {
			isa = XCBuildConfiguration;
			buildSettings = {
				ASSETCATALOG_COMPILER_APPICON_NAME = AppIcon;
				ASSETCATALOG_COMPILER_GLOBAL_ACCENT_COLOR_NAME = AccentColor;
				CODE_SIGN_STYLE = Automatic;
				CURRENT_PROJECT_VERSION = 1;
				DEVELOPMENT_TEAM = Q2XK6UN7YR;
				GENERATE_INFOPLIST_FILE = YES;
				INFOPLIST_FILE = SnapShots/Info.plist;
				INFOPLIST_KEY_UIApplicationSupportsIndirectInputEvents = YES;
				INFOPLIST_KEY_UILaunchStoryboardName = LaunchScreen;
				INFOPLIST_KEY_UIMainStoryboardFile = Main;
				INFOPLIST_KEY_UISupportedInterfaceOrientations_iPad = "UIInterfaceOrientationPortrait UIInterfaceOrientationPortraitUpsideDown UIInterfaceOrientationLandscapeLeft UIInterfaceOrientationLandscapeRight";
				INFOPLIST_KEY_UISupportedInterfaceOrientations_iPhone = "UIInterfaceOrientationPortrait UIInterfaceOrientationLandscapeLeft UIInterfaceOrientationLandscapeRight";
				IPHONEOS_DEPLOYMENT_TARGET = 16.0;
				LD_RUNPATH_SEARCH_PATHS = (
					"$(inherited)",
					"@executable_path/Frameworks",
				);
				MARKETING_VERSION = 1.0;
				PRODUCT_BUNDLE_IDENTIFIER = mahendran.SnapShots;
				PRODUCT_NAME = "$(TARGET_NAME)";
				SWIFT_EMIT_LOC_STRINGS = YES;
				SWIFT_VERSION = 5.0;
				TARGETED_DEVICE_FAMILY = "1,2";
			};
			name = Debug;
		};
		BF45426D2918C03200BAC4B2 /* Release */ = {
			isa = XCBuildConfiguration;
			buildSettings = {
				ASSETCATALOG_COMPILER_APPICON_NAME = AppIcon;
				ASSETCATALOG_COMPILER_GLOBAL_ACCENT_COLOR_NAME = AccentColor;
				CODE_SIGN_STYLE = Automatic;
				CURRENT_PROJECT_VERSION = 1;
				DEVELOPMENT_TEAM = Q2XK6UN7YR;
				GENERATE_INFOPLIST_FILE = YES;
				INFOPLIST_FILE = SnapShots/Info.plist;
				INFOPLIST_KEY_UIApplicationSupportsIndirectInputEvents = YES;
				INFOPLIST_KEY_UILaunchStoryboardName = LaunchScreen;
				INFOPLIST_KEY_UIMainStoryboardFile = Main;
				INFOPLIST_KEY_UISupportedInterfaceOrientations_iPad = "UIInterfaceOrientationPortrait UIInterfaceOrientationPortraitUpsideDown UIInterfaceOrientationLandscapeLeft UIInterfaceOrientationLandscapeRight";
				INFOPLIST_KEY_UISupportedInterfaceOrientations_iPhone = "UIInterfaceOrientationPortrait UIInterfaceOrientationLandscapeLeft UIInterfaceOrientationLandscapeRight";
				IPHONEOS_DEPLOYMENT_TARGET = 16.0;
				LD_RUNPATH_SEARCH_PATHS = (
					"$(inherited)",
					"@executable_path/Frameworks",
				);
				MARKETING_VERSION = 1.0;
				PRODUCT_BUNDLE_IDENTIFIER = mahendran.SnapShots;
				PRODUCT_NAME = "$(TARGET_NAME)";
				SWIFT_EMIT_LOC_STRINGS = YES;
				SWIFT_VERSION = 5.0;
				TARGETED_DEVICE_FAMILY = "1,2";
			};
			name = Release;
		};
/* End XCBuildConfiguration section */

/* Begin XCConfigurationList section */
		BF4542522918C03100BAC4B2 /* Build configuration list for PBXProject "SnapShots" */ = {
			isa = XCConfigurationList;
			buildConfigurations = (
				BF4542692918C03200BAC4B2 /* Debug */,
				BF45426A2918C03200BAC4B2 /* Release */,
			);
			defaultConfigurationIsVisible = 0;
			defaultConfigurationName = Release;
		};
		BF45426B2918C03200BAC4B2 /* Build configuration list for PBXNativeTarget "SnapShots" */ = {
			isa = XCConfigurationList;
			buildConfigurations = (
				BF45426C2918C03200BAC4B2 /* Debug */,
				BF45426D2918C03200BAC4B2 /* Release */,
			);
			defaultConfigurationIsVisible = 0;
			defaultConfigurationName = Release;
		};
/* End XCConfigurationList section */

/* Begin XCRemoteSwiftPackageReference section */
		BF45429D2918EC5600BAC4B2 /* XCRemoteSwiftPackageReference "lottie-ios" */ = {
			isa = XCRemoteSwiftPackageReference;
			repositoryURL = "https://github.com/airbnb/lottie-ios.git";
			requirement = {
				branch = master;
				kind = branch;
			};
		};
		BFDD55D029372CF600DC8D68 /* XCRemoteSwiftPackageReference "firebase-ios-sdk" */ = {
			isa = XCRemoteSwiftPackageReference;
			repositoryURL = "https://github.com/firebase/firebase-ios-sdk";
			requirement = {
				branch = master;
				kind = branch;
			};
		};
/* End XCRemoteSwiftPackageReference section */

/* Begin XCSwiftPackageProductDependency section */
		BF45429E2918EC5600BAC4B2 /* Lottie */ = {
			isa = XCSwiftPackageProductDependency;
			package = BF45429D2918EC5600BAC4B2 /* XCRemoteSwiftPackageReference "lottie-ios" */;
			productName = Lottie;
		};
		BFDD55D129372CF600DC8D68 /* FirebaseAuth */ = {
			isa = XCSwiftPackageProductDependency;
			package = BFDD55D029372CF600DC8D68 /* XCRemoteSwiftPackageReference "firebase-ios-sdk" */;
			productName = FirebaseAuth;
		};
/* End XCSwiftPackageProductDependency section */
	};
	rootObject = BF45424F2918C03100BAC4B2 /* Project object */;
}
